data.azurerm_client_config.current: Reading...
data.azurerm_client_config.current: Read complete after 0s [id=Y2xpZW50Q29uZmlncy9jbGllbnRJZD0wNGIwNzc5NS04ZGRiLTQ2MWEtYmJlZS0wMmY5ZTFiZjdiNDY7b2JqZWN0SWQ9OTlkNmExNjEtNDIyOC00MmMyLTgxMzYtMGY3NTllMDU2ZDFmO3N1YnNjcmlwdGlvbklkPWVjMDhmNTRhLTBmMWEtNGMzOS1hOTY0LWNjNWYyODg5MjRlNDt0ZW5hbnRJZD02OGEzYmU0OC1jNTVlLTQxNGMtYjJiZi01Y2M0ZDJkODFkNzQ=]

Terraform used the selected providers to generate the following execution
plan. Resource actions are indicated with the following symbols:
  + create

Terraform will perform the following actions:

  # azurerm_availability_set.region1-asa will be created
  + resource "azurerm_availability_set" "region1-asa" {
      + id                           = (known after apply)
      + location                     = "uksouth"
      + managed                      = true
      + name                         = "as-uksouth-a"
      + platform_fault_domain_count  = 2
      + platform_update_domain_count = 5
      + resource_group_name          = "rg-uksouth-chaos-demo-01"
      + tags                         = {
          + "Environment" = "ChaosStudioDemo"
          + "Owner"       = "dacat"
        }
    }

  # azurerm_availability_set.region1-asb will be created
  + resource "azurerm_availability_set" "region1-asb" {
      + id                           = (known after apply)
      + location                     = "uksouth"
      + managed                      = true
      + name                         = "as-uksouth-b"
      + platform_fault_domain_count  = 2
      + platform_update_domain_count = 5
      + resource_group_name          = "rg-uksouth-chaos-demo-01"
      + tags                         = {
          + "Environment" = "ChaosStudioDemo"
          + "Owner"       = "dacat"
        }
    }

  # azurerm_availability_set.region2-asa will be created
  + resource "azurerm_availability_set" "region2-asa" {
      + id                           = (known after apply)
      + location                     = "ukwest"
      + managed                      = true
      + name                         = "as-ukwest-a"
      + platform_fault_domain_count  = 2
      + platform_update_domain_count = 5
      + resource_group_name          = "rg-ukwest-chaos-demo-01"
      + tags                         = {
          + "Environment" = "ChaosStudioDemo"
          + "Owner"       = "dacat"
        }
    }

  # azurerm_availability_set.region2-asb will be created
  + resource "azurerm_availability_set" "region2-asb" {
      + id                           = (known after apply)
      + location                     = "ukwest"
      + managed                      = true
      + name                         = "as-ukwest-b"
      + platform_fault_domain_count  = 2
      + platform_update_domain_count = 5
      + resource_group_name          = "rg-ukwest-chaos-demo-01"
      + tags                         = {
          + "Environment" = "ChaosStudioDemo"
          + "Owner"       = "dacat"
        }
    }

  # azurerm_firewall.region1-fw1 will be created
  + resource "azurerm_firewall" "region1-fw1" {
      + dns_proxy_enabled   = (known after apply)
      + id                  = (known after apply)
      + location            = "uksouth"
      + name                = "fw-uksouth-01"
      + resource_group_name = "rg-uksouth-chaos-demo-01"
      + sku_name            = "AZFW_VNet"
      + sku_tier            = "Basic"
      + threat_intel_mode   = "Off"

      + ip_configuration {
          + name                 = "ipconfig-fw-uksouth"
          + private_ip_address   = (known after apply)
          + public_ip_address_id = (known after apply)
          + subnet_id            = (known after apply)
        }

      + management_ip_configuration {
          + name                 = "ipconfig-fwman-uksouth"
          + private_ip_address   = (known after apply)
          + public_ip_address_id = (known after apply)
          + subnet_id            = (known after apply)
        }
    }

  # azurerm_firewall.region2-fw1 will be created
  + resource "azurerm_firewall" "region2-fw1" {
      + dns_proxy_enabled   = (known after apply)
      + id                  = (known after apply)
      + location            = "ukwest"
      + name                = "fw-ukwest-01"
      + resource_group_name = "rg-ukwest-chaos-demo-01"
      + sku_name            = "AZFW_VNet"
      + sku_tier            = "Basic"
      + threat_intel_mode   = "Off"

      + ip_configuration {
          + name                 = "ipconfig-fw-ukwest"
          + private_ip_address   = (known after apply)
          + public_ip_address_id = (known after apply)
          + subnet_id            = (known after apply)
        }

      + management_ip_configuration {
          + name                 = "ipconfig-fwman-ukwest"
          + private_ip_address   = (known after apply)
          + public_ip_address_id = (known after apply)
          + subnet_id            = (known after apply)
        }
    }

  # azurerm_firewall_nat_rule_collection.region1-nat will be created
  + resource "azurerm_firewall_nat_rule_collection" "region1-nat" {
      + action              = "Dnat"
      + azure_firewall_name = "fw-uksouth-01"
      + id                  = (known after apply)
      + name                = "uksouth-nat1"
      + priority            = 100
      + resource_group_name = "rg-uksouth-chaos-demo-01"

      + rule {
          + destination_addresses = (known after apply)
          + destination_ports     = [
              + "80",
            ]
          + name                  = "uksouth-nat1"
          + protocols             = [
              + "TCP",
            ]
          + source_addresses      = [
              + "*",
            ]
          + translated_address    = "10.150.1.4"
          + translated_port       = "80"
        }
    }

  # azurerm_firewall_nat_rule_collection.region2-nat will be created
  + resource "azurerm_firewall_nat_rule_collection" "region2-nat" {
      + action              = "Dnat"
      + azure_firewall_name = "fw-ukwest-01"
      + id                  = (known after apply)
      + name                = "ukwest-nat1"
      + priority            = 100
      + resource_group_name = "rg-ukwest-chaos-demo-01"

      + rule {
          + destination_addresses = (known after apply)
          + destination_ports     = [
              + "80",
            ]
          + name                  = "ukwest-nat1"
          + protocols             = [
              + "TCP",
            ]
          + source_addresses      = [
              + "*",
            ]
          + translated_address    = "10.160.1.4"
          + translated_port       = "80"
        }
    }

  # azurerm_firewall_network_rule_collection.region1-outbound will be created
  + resource "azurerm_firewall_network_rule_collection" "region1-outbound" {
      + action              = "Allow"
      + azure_firewall_name = "fw-uksouth-01"
      + id                  = (known after apply)
      + name                = "uksouth-outbound"
      + priority            = 100
      + resource_group_name = "rg-uksouth-chaos-demo-01"

      + rule {
          + destination_addresses = [
              + "*",
            ]
          + destination_ports     = [
              + "*",
            ]
          + name                  = "uksouth-outbound"
          + protocols             = [
              + "Any",
            ]
          + source_addresses      = [
              + "10.150.0.0/19",
            ]
        }
    }

  # azurerm_firewall_network_rule_collection.region2-outbound will be created
  + resource "azurerm_firewall_network_rule_collection" "region2-outbound" {
      + action              = "Allow"
      + azure_firewall_name = "fw-ukwest-01"
      + id                  = (known after apply)
      + name                = "ukwest-outbound"
      + priority            = 100
      + resource_group_name = "rg-ukwest-chaos-demo-01"

      + rule {
          + destination_addresses = [
              + "*",
            ]
          + destination_ports     = [
              + "*",
            ]
          + name                  = "ukwest-outbound"
          + protocols             = [
              + "Any",
            ]
          + source_addresses      = [
              + "10.160.0.0/19",
            ]
        }
    }

  # azurerm_key_vault.kv1 will be created
  + resource "azurerm_key_vault" "kv1" {
      + access_policy                 = [
          + {
              + key_permissions     = [
                  + "Get",
                ]
              + object_id           = "99d6a161-4228-42c2-8136-0f759e056d1f"
              + secret_permissions  = [
                  + "Get",
                  + "Backup",
                  + "Delete",
                  + "List",
                  + "Purge",
                  + "Recover",
                  + "Restore",
                  + "Set",
                ]
              + storage_permissions = [
                  + "Get",
                ]
              + tenant_id           = "68a3be48-c55e-414c-b2bf-5cc4d2d81d74"
            },
        ]
      + enabled_for_disk_encryption   = true
      + id                            = (known after apply)
      + location                      = "uksouth"
      + name                          = (known after apply)
      + public_network_access_enabled = true
      + purge_protection_enabled      = false
      + resource_group_name           = "rg-uksouth-chaos-demo-01"
      + sku_name                      = "standard"
      + soft_delete_retention_days    = 7
      + tags                          = {
          + "Environment" = "ChaosStudioDemo"
          + "Owner"       = "dacat"
        }
      + tenant_id                     = "68a3be48-c55e-414c-b2bf-5cc4d2d81d74"
      + vault_uri                     = (known after apply)

      + network_acls {
          + bypass                     = "AzureServices"
          + default_action             = "Deny"
          + virtual_network_subnet_ids = (known after apply)
        }
    }

  # azurerm_key_vault_secret.vmpassword1 will be created
  + resource "azurerm_key_vault_secret" "vmpassword1" {
      + content_type            = "Region1 VM Password Secret"
      + expiration_date         = (known after apply)
      + id                      = (known after apply)
      + key_vault_id            = (known after apply)
      + name                    = "vmpassword1"
      + resource_id             = (known after apply)
      + resource_versionless_id = (known after apply)
      + value                   = (sensitive value)
      + version                 = (known after apply)
      + versionless_id          = (known after apply)
    }

  # azurerm_key_vault_secret.vmpassword2 will be created
  + resource "azurerm_key_vault_secret" "vmpassword2" {
      + content_type            = "Region2 VM Password Secret"
      + expiration_date         = (known after apply)
      + id                      = (known after apply)
      + key_vault_id            = (known after apply)
      + name                    = "vmpassword2"
      + resource_id             = (known after apply)
      + resource_versionless_id = (known after apply)
      + value                   = (sensitive value)
      + version                 = (known after apply)
      + versionless_id          = (known after apply)
    }

  # azurerm_lb.region1-lb will be created
  + resource "azurerm_lb" "region1-lb" {
      + id                   = (known after apply)
      + location             = "uksouth"
      + name                 = "lb-int-uksouth"
      + private_ip_address   = (known after apply)
      + private_ip_addresses = (known after apply)
      + resource_group_name  = "rg-uksouth-chaos-demo-01"
      + sku                  = "Standard"
      + sku_tier             = "Regional"

      + frontend_ip_configuration {
          + gateway_load_balancer_frontend_ip_configuration_id = (known after apply)
          + id                                                 = (known after apply)
          + inbound_nat_rules                                  = (known after apply)
          + load_balancer_rules                                = (known after apply)
          + name                                               = "fip-lb-int-uksouth"
          + outbound_rules                                     = (known after apply)
          + private_ip_address                                 = "10.150.1.4"
          + private_ip_address_allocation                      = "static"
          + private_ip_address_version                         = (known after apply)
          + public_ip_address_id                               = (known after apply)
          + public_ip_prefix_id                                = (known after apply)
          + subnet_id                                          = (known after apply)
        }
    }

  # azurerm_lb.region2-lb will be created
  + resource "azurerm_lb" "region2-lb" {
      + id                   = (known after apply)
      + location             = "ukwest"
      + name                 = "lb-int-ukwest"
      + private_ip_address   = (known after apply)
      + private_ip_addresses = (known after apply)
      + resource_group_name  = "rg-ukwest-chaos-demo-01"
      + sku                  = "Standard"
      + sku_tier             = "Regional"

      + frontend_ip_configuration {
          + gateway_load_balancer_frontend_ip_configuration_id = (known after apply)
          + id                                                 = (known after apply)
          + inbound_nat_rules                                  = (known after apply)
          + load_balancer_rules                                = (known after apply)
          + name                                               = "fip-lb-int-uksouth"
          + outbound_rules                                     = (known after apply)
          + private_ip_address                                 = "10.160.1.4"
          + private_ip_address_allocation                      = "static"
          + private_ip_address_version                         = (known after apply)
          + public_ip_address_id                               = (known after apply)
          + public_ip_prefix_id                                = (known after apply)
          + subnet_id                                          = (known after apply)
        }
    }

  # azurerm_lb_backend_address_pool.region1-pool will be created
  + resource "azurerm_lb_backend_address_pool" "region1-pool" {
      + backend_ip_configurations = (known after apply)
      + id                        = (known after apply)
      + inbound_nat_rules         = (known after apply)
      + load_balancing_rules      = (known after apply)
      + loadbalancer_id           = (known after apply)
      + name                      = "BackEndAddressPool"
      + outbound_rules            = (known after apply)
    }

  # azurerm_lb_backend_address_pool.region2-pool will be created
  + resource "azurerm_lb_backend_address_pool" "region2-pool" {
      + backend_ip_configurations = (known after apply)
      + id                        = (known after apply)
      + inbound_nat_rules         = (known after apply)
      + load_balancing_rules      = (known after apply)
      + loadbalancer_id           = (known after apply)
      + name                      = "BackEndAddressPool"
      + outbound_rules            = (known after apply)
    }

  # azurerm_lb_probe.region1-probe will be created
  + resource "azurerm_lb_probe" "region1-probe" {
      + id                  = (known after apply)
      + interval_in_seconds = 60
      + load_balancer_rules = (known after apply)
      + loadbalancer_id     = (known after apply)
      + name                = "http-probe"
      + number_of_probes    = 2
      + port                = 80
      + probe_threshold     = 1
      + protocol            = "Http"
      + request_path        = "/"
    }

  # azurerm_lb_probe.region2-probe will be created
  + resource "azurerm_lb_probe" "region2-probe" {
      + id                  = (known after apply)
      + interval_in_seconds = 60
      + load_balancer_rules = (known after apply)
      + loadbalancer_id     = (known after apply)
      + name                = "http-probe"
      + number_of_probes    = 2
      + port                = 80
      + probe_threshold     = 1
      + protocol            = "Http"
      + request_path        = "/"
    }

  # azurerm_lb_rule.region1-rule will be created
  + resource "azurerm_lb_rule" "region1-rule" {
      + backend_address_pool_ids       = (known after apply)
      + backend_port                   = 80
      + disable_outbound_snat          = false
      + enable_floating_ip             = false
      + frontend_ip_configuration_id   = (known after apply)
      + frontend_ip_configuration_name = "fip-lb-int-uksouth"
      + frontend_port                  = 80
      + id                             = (known after apply)
      + idle_timeout_in_minutes        = (known after apply)
      + load_distribution              = (known after apply)
      + loadbalancer_id                = (known after apply)
      + name                           = "LBRule"
      + probe_id                       = (known after apply)
      + protocol                       = "Tcp"
    }

  # azurerm_lb_rule.region2-rule will be created
  + resource "azurerm_lb_rule" "region2-rule" {
      + backend_address_pool_ids       = (known after apply)
      + backend_port                   = 80
      + disable_outbound_snat          = false
      + enable_floating_ip             = false
      + frontend_ip_configuration_id   = (known after apply)
      + frontend_ip_configuration_name = "fip-lb-int-uksouth"
      + frontend_port                  = 80
      + id                             = (known after apply)
      + idle_timeout_in_minutes        = (known after apply)
      + load_distribution              = (known after apply)
      + loadbalancer_id                = (known after apply)
      + name                           = "LBRule"
      + probe_id                       = (known after apply)
      + protocol                       = "Tcp"
    }

  # azurerm_linux_function_app.region1-fa will be created
  + resource "azurerm_linux_function_app" "region1-fa" {
      + builtin_logging_enabled                        = true
      + client_certificate_enabled                     = false
      + client_certificate_mode                        = "Optional"
      + content_share_force_disabled                   = false
      + custom_domain_verification_id                  = (sensitive value)
      + daily_memory_time_quota                        = 0
      + default_hostname                               = (known after apply)
      + enabled                                        = true
      + ftp_publish_basic_authentication_enabled       = true
      + functions_extension_version                    = "~4"
      + hosting_environment_id                         = (known after apply)
      + https_only                                     = true
      + id                                             = (known after apply)
      + key_vault_reference_identity_id                = (known after apply)
      + kind                                           = (known after apply)
      + location                                       = "uksouth"
      + name                                           = "uksouth-fa01"
      + outbound_ip_address_list                       = (known after apply)
      + outbound_ip_addresses                          = (known after apply)
      + possible_outbound_ip_address_list              = (known after apply)
      + possible_outbound_ip_addresses                 = (known after apply)
      + public_network_access_enabled                  = true
      + resource_group_name                            = "rg-uksouth-chaos-demo-01"
      + service_plan_id                                = (known after apply)
      + site_credential                                = (sensitive value)
      + storage_account_access_key                     = (sensitive value)
      + storage_account_name                           = "uksouthsa01"
      + storage_uses_managed_identity                  = false
      + webdeploy_publish_basic_authentication_enabled = true
      + zip_deploy_file                                = (known after apply)

      + site_config {
          + always_on                               = (known after apply)
          + app_scale_limit                         = (known after apply)
          + container_registry_use_managed_identity = false
          + default_documents                       = (known after apply)
          + detailed_error_logging_enabled          = (known after apply)
          + elastic_instance_minimum                = (known after apply)
          + ftps_state                              = "Disabled"
          + health_check_eviction_time_in_min       = (known after apply)
          + http2_enabled                           = false
          + ip_restriction_default_action           = "Allow"
          + linux_fx_version                        = (known after apply)
          + load_balancing_mode                     = "LeastRequests"
          + managed_pipeline_mode                   = "Integrated"
          + minimum_tls_version                     = "1.2"
          + pre_warmed_instance_count               = (known after apply)
          + remote_debugging_enabled                = false
          + remote_debugging_version                = (known after apply)
          + scm_ip_restriction_default_action       = "Allow"
          + scm_minimum_tls_version                 = "1.2"
          + scm_type                                = (known after apply)
          + scm_use_main_ip_restriction             = false
          + use_32_bit_worker                       = false
          + vnet_route_all_enabled                  = false
          + websockets_enabled                      = false
          + worker_count                            = (known after apply)
        }
    }

  # azurerm_network_interface.region1-anics[0] will be created
  + resource "azurerm_network_interface" "region1-anics" {
      + accelerated_networking_enabled = (known after apply)
      + applied_dns_servers            = (known after apply)
      + dns_servers                    = (known after apply)
      + enable_accelerated_networking  = (known after apply)
      + enable_ip_forwarding           = (known after apply)
      + id                             = (known after apply)
      + internal_domain_name_suffix    = (known after apply)
      + ip_forwarding_enabled          = (known after apply)
      + location                       = "uksouth"
      + mac_address                    = (known after apply)
      + name                           = "nic-uksouth-a-0"
      + private_ip_address             = (known after apply)
      + private_ip_addresses           = (known after apply)
      + resource_group_name            = "rg-uksouth-chaos-demo-01"
      + tags                           = {
          + "Environment" = "ChaosStudioDemo"
          + "Owner"       = "dacat"
        }
      + virtual_machine_id             = (known after apply)

      + ip_configuration {
          + gateway_load_balancer_frontend_ip_configuration_id = (known after apply)
          + name                                               = "uksouth-nic-a-0-ipconfig"
          + primary                                            = (known after apply)
          + private_ip_address                                 = (known after apply)
          + private_ip_address_allocation                      = "Dynamic"
          + private_ip_address_version                         = "IPv4"
          + subnet_id                                          = (known after apply)
        }
    }

  # azurerm_network_interface.region1-bnics[0] will be created
  + resource "azurerm_network_interface" "region1-bnics" {
      + accelerated_networking_enabled = (known after apply)
      + applied_dns_servers            = (known after apply)
      + dns_servers                    = (known after apply)
      + enable_accelerated_networking  = (known after apply)
      + enable_ip_forwarding           = (known after apply)
      + id                             = (known after apply)
      + internal_domain_name_suffix    = (known after apply)
      + ip_forwarding_enabled          = (known after apply)
      + location                       = "uksouth"
      + mac_address                    = (known after apply)
      + name                           = "nic-uksouth-b-0"
      + private_ip_address             = (known after apply)
      + private_ip_addresses           = (known after apply)
      + resource_group_name            = "rg-uksouth-chaos-demo-01"
      + tags                           = {
          + "Environment" = "ChaosStudioDemo"
          + "Owner"       = "dacat"
        }
      + virtual_machine_id             = (known after apply)

      + ip_configuration {
          + gateway_load_balancer_frontend_ip_configuration_id = (known after apply)
          + name                                               = "uksouth-nic-b-0-ipconfig"
          + primary                                            = (known after apply)
          + private_ip_address                                 = (known after apply)
          + private_ip_address_allocation                      = "Dynamic"
          + private_ip_address_version                         = "IPv4"
          + subnet_id                                          = (known after apply)
        }
    }

  # azurerm_network_interface.region2-anics[0] will be created
  + resource "azurerm_network_interface" "region2-anics" {
      + accelerated_networking_enabled = (known after apply)
      + applied_dns_servers            = (known after apply)
      + dns_servers                    = (known after apply)
      + enable_accelerated_networking  = (known after apply)
      + enable_ip_forwarding           = (known after apply)
      + id                             = (known after apply)
      + internal_domain_name_suffix    = (known after apply)
      + ip_forwarding_enabled          = (known after apply)
      + location                       = "ukwest"
      + mac_address                    = (known after apply)
      + name                           = "nic-ukwest-a-0"
      + private_ip_address             = (known after apply)
      + private_ip_addresses           = (known after apply)
      + resource_group_name            = "rg-ukwest-chaos-demo-01"
      + tags                           = {
          + "Environment" = "ChaosStudioDemo"
          + "Owner"       = "dacat"
        }
      + virtual_machine_id             = (known after apply)

      + ip_configuration {
          + gateway_load_balancer_frontend_ip_configuration_id = (known after apply)
          + name                                               = "ukwest-nic-a-0-ipconfig"
          + primary                                            = (known after apply)
          + private_ip_address                                 = (known after apply)
          + private_ip_address_allocation                      = "Dynamic"
          + private_ip_address_version                         = "IPv4"
          + subnet_id                                          = (known after apply)
        }
    }

  # azurerm_network_interface.region2-bnics[0] will be created
  + resource "azurerm_network_interface" "region2-bnics" {
      + accelerated_networking_enabled = (known after apply)
      + applied_dns_servers            = (known after apply)
      + dns_servers                    = (known after apply)
      + enable_accelerated_networking  = (known after apply)
      + enable_ip_forwarding           = (known after apply)
      + id                             = (known after apply)
      + internal_domain_name_suffix    = (known after apply)
      + ip_forwarding_enabled          = (known after apply)
      + location                       = "ukwest"
      + mac_address                    = (known after apply)
      + name                           = "nic-ukwest-b-0"
      + private_ip_address             = (known after apply)
      + private_ip_addresses           = (known after apply)
      + resource_group_name            = "rg-ukwest-chaos-demo-01"
      + tags                           = {
          + "Environment" = "ChaosStudioDemo"
          + "Owner"       = "dacat"
        }
      + virtual_machine_id             = (known after apply)

      + ip_configuration {
          + gateway_load_balancer_frontend_ip_configuration_id = (known after apply)
          + name                                               = "ukwest-nic-b-0-ipconfig"
          + primary                                            = (known after apply)
          + private_ip_address                                 = (known after apply)
          + private_ip_address_allocation                      = "Dynamic"
          + private_ip_address_version                         = "IPv4"
          + subnet_id                                          = (known after apply)
        }
    }

  # azurerm_network_interface_backend_address_pool_association.region1-a[0] will be created
  + resource "azurerm_network_interface_backend_address_pool_association" "region1-a" {
      + backend_address_pool_id = (known after apply)
      + id                      = (known after apply)
      + ip_configuration_name   = "uksouth-nic-a-0-ipconfig"
      + network_interface_id    = (known after apply)
    }

  # azurerm_network_interface_backend_address_pool_association.region1-b[0] will be created
  + resource "azurerm_network_interface_backend_address_pool_association" "region1-b" {
      + backend_address_pool_id = (known after apply)
      + id                      = (known after apply)
      + ip_configuration_name   = "uksouth-nic-b-0-ipconfig"
      + network_interface_id    = (known after apply)
    }

  # azurerm_network_interface_backend_address_pool_association.region2-a[0] will be created
  + resource "azurerm_network_interface_backend_address_pool_association" "region2-a" {
      + backend_address_pool_id = (known after apply)
      + id                      = (known after apply)
      + ip_configuration_name   = "ukwest-nic-a-0-ipconfig"
      + network_interface_id    = (known after apply)
    }

  # azurerm_network_interface_backend_address_pool_association.region2-b[0] will be created
  + resource "azurerm_network_interface_backend_address_pool_association" "region2-b" {
      + backend_address_pool_id = (known after apply)
      + id                      = (known after apply)
      + ip_configuration_name   = "ukwest-nic-b-0-ipconfig"
      + network_interface_id    = (known after apply)
    }

  # azurerm_network_security_group.region1-nsg1 will be created
  + resource "azurerm_network_security_group" "region1-nsg1" {
      + id                  = (known after apply)
      + location            = "uksouth"
      + name                = "nsg-snet-uksouth-vnet-hub-01"
      + resource_group_name = "rg-uksouth-chaos-demo-01"
      + security_rule       = (known after apply)
      + tags                = {
          + "Environment" = "ChaosStudioDemo"
          + "Owner"       = "dacat"
        }
    }

  # azurerm_network_security_group.region2-nsg1 will be created
  + resource "azurerm_network_security_group" "region2-nsg1" {
      + id                  = (known after apply)
      + location            = "ukwest"
      + name                = "nsg-snet-ukwest-vnet-hub-01"
      + resource_group_name = "rg-ukwest-chaos-demo-01"
      + security_rule       = (known after apply)
      + tags                = {
          + "Environment" = "ChaosStudioDemo"
          + "Owner"       = "dacat"
        }
    }

  # azurerm_public_ip.region1-fwmanpip will be created
  + resource "azurerm_public_ip" "region1-fwmanpip" {
      + allocation_method       = "Static"
      + ddos_protection_mode    = "VirtualNetworkInherited"
      + fqdn                    = (known after apply)
      + id                      = (known after apply)
      + idle_timeout_in_minutes = 4
      + ip_address              = (known after apply)
      + ip_version              = "IPv4"
      + location                = "uksouth"
      + name                    = "pip-fwman-uksouth-01"
      + resource_group_name     = "rg-uksouth-chaos-demo-01"
      + sku                     = "Standard"
      + sku_tier                = "Regional"
    }

  # azurerm_public_ip.region1-fwpip will be created
  + resource "azurerm_public_ip" "region1-fwpip" {
      + allocation_method       = "Static"
      + ddos_protection_mode    = "VirtualNetworkInherited"
      + domain_name_label       = (known after apply)
      + fqdn                    = (known after apply)
      + id                      = (known after apply)
      + idle_timeout_in_minutes = 4
      + ip_address              = (known after apply)
      + ip_version              = "IPv4"
      + location                = "uksouth"
      + name                    = "pip-fw-uksouth-01"
      + resource_group_name     = "rg-uksouth-chaos-demo-01"
      + sku                     = "Standard"
      + sku_tier                = "Regional"
    }

  # azurerm_public_ip.region2-fwmanpip will be created
  + resource "azurerm_public_ip" "region2-fwmanpip" {
      + allocation_method       = "Static"
      + ddos_protection_mode    = "VirtualNetworkInherited"
      + fqdn                    = (known after apply)
      + id                      = (known after apply)
      + idle_timeout_in_minutes = 4
      + ip_address              = (known after apply)
      + ip_version              = "IPv4"
      + location                = "ukwest"
      + name                    = "pip-fwman-ukwest-01"
      + resource_group_name     = "rg-ukwest-chaos-demo-01"
      + sku                     = "Standard"
      + sku_tier                = "Regional"
    }

  # azurerm_public_ip.region2-fwpip will be created
  + resource "azurerm_public_ip" "region2-fwpip" {
      + allocation_method       = "Static"
      + ddos_protection_mode    = "VirtualNetworkInherited"
      + domain_name_label       = (known after apply)
      + fqdn                    = (known after apply)
      + id                      = (known after apply)
      + idle_timeout_in_minutes = 4
      + ip_address              = (known after apply)
      + ip_version              = "IPv4"
      + location                = "ukwest"
      + name                    = "pip-fw-ukwest-01"
      + resource_group_name     = "rg-ukwest-chaos-demo-01"
      + sku                     = "Standard"
      + sku_tier                = "Regional"
    }

  # azurerm_resource_group.rg1 will be created
  + resource "azurerm_resource_group" "rg1" {
      + id       = (known after apply)
      + location = "uksouth"
      + name     = "rg-uksouth-chaos-demo-01"
      + tags     = {
          + "Environment" = "ChaosStudioDemo"
          + "Owner"       = "dacat"
        }
    }

  # azurerm_resource_group.rg2 will be created
  + resource "azurerm_resource_group" "rg2" {
      + id       = (known after apply)
      + location = "ukwest"
      + name     = "rg-ukwest-chaos-demo-01"
      + tags     = {
          + "Environment" = "ChaosStudioDemo"
          + "Owner"       = "dacat"
        }
    }

  # azurerm_route_table.region1-rt1 will be created
  + resource "azurerm_route_table" "region1-rt1" {
      + bgp_route_propagation_enabled = (known after apply)
      + disable_bgp_route_propagation = (known after apply)
      + id                            = (known after apply)
      + location                      = "uksouth"
      + name                          = "rtbl-uksouth-01"
      + resource_group_name           = "rg-uksouth-chaos-demo-01"
      + route                         = [
          + {
              + address_prefix         = "0.0.0.0/0"
              + name                   = "route1"
              + next_hop_in_ip_address = (known after apply)
              + next_hop_type          = "VirtualAppliance"
            },
        ]
      + subnets                       = (known after apply)
    }

  # azurerm_route_table.region2-rt1 will be created
  + resource "azurerm_route_table" "region2-rt1" {
      + bgp_route_propagation_enabled = (known after apply)
      + disable_bgp_route_propagation = (known after apply)
      + id                            = (known after apply)
      + location                      = "ukwest"
      + name                          = "rtbl-ukwest-01"
      + resource_group_name           = "rg-ukwest-chaos-demo-01"
      + route                         = [
          + {
              + address_prefix         = "0.0.0.0/0"
              + name                   = "route1"
              + next_hop_in_ip_address = (known after apply)
              + next_hop_type          = "VirtualAppliance"
            },
        ]
      + subnets                       = (known after apply)
    }

  # azurerm_service_plan.region1-asp will be created
  + resource "azurerm_service_plan" "region1-asp" {
      + id                           = (known after apply)
      + kind                         = (known after apply)
      + location                     = "uksouth"
      + maximum_elastic_worker_count = (known after apply)
      + name                         = "uksouth-asp-01"
      + os_type                      = "Linux"
      + per_site_scaling_enabled     = false
      + reserved                     = (known after apply)
      + resource_group_name          = "rg-uksouth-chaos-demo-01"
      + sku_name                     = "B1"
      + worker_count                 = (known after apply)
    }

  # azurerm_storage_account.region1-sa1 will be created
  + resource "azurerm_storage_account" "region1-sa1" {
      + access_tier                        = (known after apply)
      + account_kind                       = "StorageV2"
      + account_replication_type           = "LRS"
      + account_tier                       = "Standard"
      + allow_nested_items_to_be_public    = true
      + cross_tenant_replication_enabled   = true
      + default_to_oauth_authentication    = false
      + dns_endpoint_type                  = "Standard"
      + enable_https_traffic_only          = (known after apply)
      + https_traffic_only_enabled         = (known after apply)
      + id                                 = (known after apply)
      + infrastructure_encryption_enabled  = false
      + is_hns_enabled                     = false
      + large_file_share_enabled           = (known after apply)
      + local_user_enabled                 = true
      + location                           = "uksouth"
      + min_tls_version                    = "TLS1_2"
      + name                               = "uksouthsa01"
      + nfsv3_enabled                      = false
      + primary_access_key                 = (sensitive value)
      + primary_blob_connection_string     = (sensitive value)
      + primary_blob_endpoint              = (known after apply)
      + primary_blob_host                  = (known after apply)
      + primary_blob_internet_endpoint     = (known after apply)
      + primary_blob_internet_host         = (known after apply)
      + primary_blob_microsoft_endpoint    = (known after apply)
      + primary_blob_microsoft_host        = (known after apply)
      + primary_connection_string          = (sensitive value)
      + primary_dfs_endpoint               = (known after apply)
      + primary_dfs_host                   = (known after apply)
      + primary_dfs_internet_endpoint      = (known after apply)
      + primary_dfs_internet_host          = (known after apply)
      + primary_dfs_microsoft_endpoint     = (known after apply)
      + primary_dfs_microsoft_host         = (known after apply)
      + primary_file_endpoint              = (known after apply)
      + primary_file_host                  = (known after apply)
      + primary_file_internet_endpoint     = (known after apply)
      + primary_file_internet_host         = (known after apply)
      + primary_file_microsoft_endpoint    = (known after apply)
      + primary_file_microsoft_host        = (known after apply)
      + primary_location                   = (known after apply)
      + primary_queue_endpoint             = (known after apply)
      + primary_queue_host                 = (known after apply)
      + primary_queue_microsoft_endpoint   = (known after apply)
      + primary_queue_microsoft_host       = (known after apply)
      + primary_table_endpoint             = (known after apply)
      + primary_table_host                 = (known after apply)
      + primary_table_microsoft_endpoint   = (known after apply)
      + primary_table_microsoft_host       = (known after apply)
      + primary_web_endpoint               = (known after apply)
      + primary_web_host                   = (known after apply)
      + primary_web_internet_endpoint      = (known after apply)
      + primary_web_internet_host          = (known after apply)
      + primary_web_microsoft_endpoint     = (known after apply)
      + primary_web_microsoft_host         = (known after apply)
      + public_network_access_enabled      = true
      + queue_encryption_key_type          = "Service"
      + resource_group_name                = "rg-uksouth-chaos-demo-01"
      + secondary_access_key               = (sensitive value)
      + secondary_blob_connection_string   = (sensitive value)
      + secondary_blob_endpoint            = (known after apply)
      + secondary_blob_host                = (known after apply)
      + secondary_blob_internet_endpoint   = (known after apply)
      + secondary_blob_internet_host       = (known after apply)
      + secondary_blob_microsoft_endpoint  = (known after apply)
      + secondary_blob_microsoft_host      = (known after apply)
      + secondary_connection_string        = (sensitive value)
      + secondary_dfs_endpoint             = (known after apply)
      + secondary_dfs_host                 = (known after apply)
      + secondary_dfs_internet_endpoint    = (known after apply)
      + secondary_dfs_internet_host        = (known after apply)
      + secondary_dfs_microsoft_endpoint   = (known after apply)
      + secondary_dfs_microsoft_host       = (known after apply)
      + secondary_file_endpoint            = (known after apply)
      + secondary_file_host                = (known after apply)
      + secondary_file_internet_endpoint   = (known after apply)
      + secondary_file_internet_host       = (known after apply)
      + secondary_file_microsoft_endpoint  = (known after apply)
      + secondary_file_microsoft_host      = (known after apply)
      + secondary_location                 = (known after apply)
      + secondary_queue_endpoint           = (known after apply)
      + secondary_queue_host               = (known after apply)
      + secondary_queue_microsoft_endpoint = (known after apply)
      + secondary_queue_microsoft_host     = (known after apply)
      + secondary_table_endpoint           = (known after apply)
      + secondary_table_host               = (known after apply)
      + secondary_table_microsoft_endpoint = (known after apply)
      + secondary_table_microsoft_host     = (known after apply)
      + secondary_web_endpoint             = (known after apply)
      + secondary_web_host                 = (known after apply)
      + secondary_web_internet_endpoint    = (known after apply)
      + secondary_web_internet_host        = (known after apply)
      + secondary_web_microsoft_endpoint   = (known after apply)
      + secondary_web_microsoft_host       = (known after apply)
      + sftp_enabled                       = false
      + shared_access_key_enabled          = true
      + table_encryption_key_type          = "Service"
    }

  # azurerm_subnet.region1-hub1-subnet will be created
  + resource "azurerm_subnet" "region1-hub1-subnet" {
      + address_prefixes                               = [
          + "10.150.0.0/24",
        ]
      + default_outbound_access_enabled                = true
      + enforce_private_link_endpoint_network_policies = (known after apply)
      + enforce_private_link_service_network_policies  = (known after apply)
      + id                                             = (known after apply)
      + name                                           = "snethost-uksouth-vnet-hub-01"
      + private_endpoint_network_policies              = (known after apply)
      + private_endpoint_network_policies_enabled      = (known after apply)
      + private_link_service_network_policies_enabled  = (known after apply)
      + resource_group_name                            = "rg-uksouth-chaos-demo-01"
      + virtual_network_name                           = "vnet-uksouth-hub-01"
    }

  # azurerm_subnet.region1-hub1-subnetfw will be created
  + resource "azurerm_subnet" "region1-hub1-subnetfw" {
      + address_prefixes                               = [
          + "10.150.2.0/24",
        ]
      + default_outbound_access_enabled                = true
      + enforce_private_link_endpoint_network_policies = (known after apply)
      + enforce_private_link_service_network_policies  = (known after apply)
      + id                                             = (known after apply)
      + name                                           = "AzureFirewallSubnet"
      + private_endpoint_network_policies              = (known after apply)
      + private_endpoint_network_policies_enabled      = (known after apply)
      + private_link_service_network_policies_enabled  = (known after apply)
      + resource_group_name                            = "rg-uksouth-chaos-demo-01"
      + virtual_network_name                           = "vnet-uksouth-hub-01"
    }

  # azurerm_subnet.region1-hub1-subnetfwman will be created
  + resource "azurerm_subnet" "region1-hub1-subnetfwman" {
      + address_prefixes                               = [
          + "10.150.3.0/24",
        ]
      + default_outbound_access_enabled                = true
      + enforce_private_link_endpoint_network_policies = (known after apply)
      + enforce_private_link_service_network_policies  = (known after apply)
      + id                                             = (known after apply)
      + name                                           = "AzureFirewallManagementSubnet"
      + private_endpoint_network_policies              = (known after apply)
      + private_endpoint_network_policies_enabled      = (known after apply)
      + private_link_service_network_policies_enabled  = (known after apply)
      + resource_group_name                            = "rg-uksouth-chaos-demo-01"
      + virtual_network_name                           = "vnet-uksouth-hub-01"
    }

  # azurerm_subnet.region1-hub1-subnetlb will be created
  + resource "azurerm_subnet" "region1-hub1-subnetlb" {
      + address_prefixes                               = [
          + "10.150.1.0/24",
        ]
      + default_outbound_access_enabled                = true
      + enforce_private_link_endpoint_network_policies = (known after apply)
      + enforce_private_link_service_network_policies  = (known after apply)
      + id                                             = (known after apply)
      + name                                           = "snetlb-uksouth-vnet-hub-01"
      + private_endpoint_network_policies              = (known after apply)
      + private_endpoint_network_policies_enabled      = (known after apply)
      + private_link_service_network_policies_enabled  = (known after apply)
      + resource_group_name                            = "rg-uksouth-chaos-demo-01"
      + virtual_network_name                           = "vnet-uksouth-hub-01"
    }

  # azurerm_subnet.region2-hub1-subnet will be created
  + resource "azurerm_subnet" "region2-hub1-subnet" {
      + address_prefixes                               = [
          + "10.160.0.0/24",
        ]
      + default_outbound_access_enabled                = true
      + enforce_private_link_endpoint_network_policies = (known after apply)
      + enforce_private_link_service_network_policies  = (known after apply)
      + id                                             = (known after apply)
      + name                                           = "snet-ukwest-vnet-hub-01"
      + private_endpoint_network_policies              = (known after apply)
      + private_endpoint_network_policies_enabled      = (known after apply)
      + private_link_service_network_policies_enabled  = (known after apply)
      + resource_group_name                            = "rg-ukwest-chaos-demo-01"
      + virtual_network_name                           = "vnet-ukwest-hub-01"
    }

  # azurerm_subnet.region2-hub1-subnetfw will be created
  + resource "azurerm_subnet" "region2-hub1-subnetfw" {
      + address_prefixes                               = [
          + "10.160.2.0/24",
        ]
      + default_outbound_access_enabled                = true
      + enforce_private_link_endpoint_network_policies = (known after apply)
      + enforce_private_link_service_network_policies  = (known after apply)
      + id                                             = (known after apply)
      + name                                           = "AzureFirewallSubnet"
      + private_endpoint_network_policies              = (known after apply)
      + private_endpoint_network_policies_enabled      = (known after apply)
      + private_link_service_network_policies_enabled  = (known after apply)
      + resource_group_name                            = "rg-ukwest-chaos-demo-01"
      + virtual_network_name                           = "vnet-ukwest-hub-01"
    }

  # azurerm_subnet.region2-hub1-subnetfwman will be created
  + resource "azurerm_subnet" "region2-hub1-subnetfwman" {
      + address_prefixes                               = [
          + "10.160.3.0/24",
        ]
      + default_outbound_access_enabled                = true
      + enforce_private_link_endpoint_network_policies = (known after apply)
      + enforce_private_link_service_network_policies  = (known after apply)
      + id                                             = (known after apply)
      + name                                           = "AzureFirewallManagementSubnet"
      + private_endpoint_network_policies              = (known after apply)
      + private_endpoint_network_policies_enabled      = (known after apply)
      + private_link_service_network_policies_enabled  = (known after apply)
      + resource_group_name                            = "rg-ukwest-chaos-demo-01"
      + virtual_network_name                           = "vnet-ukwest-hub-01"
    }

  # azurerm_subnet.region2-hub1-subnetlb will be created
  + resource "azurerm_subnet" "region2-hub1-subnetlb" {
      + address_prefixes                               = [
          + "10.160.1.0/24",
        ]
      + default_outbound_access_enabled                = true
      + enforce_private_link_endpoint_network_policies = (known after apply)
      + enforce_private_link_service_network_policies  = (known after apply)
      + id                                             = (known after apply)
      + name                                           = "snetlb-ukwest-vnet-hub-01"
      + private_endpoint_network_policies              = (known after apply)
      + private_endpoint_network_policies_enabled      = (known after apply)
      + private_link_service_network_policies_enabled  = (known after apply)
      + resource_group_name                            = "rg-ukwest-chaos-demo-01"
      + virtual_network_name                           = "vnet-ukwest-hub-01"
    }

  # azurerm_subnet_network_security_group_association.region1-hub will be created
  + resource "azurerm_subnet_network_security_group_association" "region1-hub" {
      + id                        = (known after apply)
      + network_security_group_id = (known after apply)
      + subnet_id                 = (known after apply)
    }

  # azurerm_subnet_network_security_group_association.region2-hub will be created
  + resource "azurerm_subnet_network_security_group_association" "region2-hub" {
      + id                        = (known after apply)
      + network_security_group_id = (known after apply)
      + subnet_id                 = (known after apply)
    }

  # azurerm_subnet_route_table_association.region1 will be created
  + resource "azurerm_subnet_route_table_association" "region1" {
      + id             = (known after apply)
      + route_table_id = (known after apply)
      + subnet_id      = (known after apply)
    }

  # azurerm_subnet_route_table_association.region2 will be created
  + resource "azurerm_subnet_route_table_association" "region2" {
      + id             = (known after apply)
      + route_table_id = (known after apply)
      + subnet_id      = (known after apply)
    }

  # azurerm_traffic_manager_azure_endpoint.region1-tme1 will be created
  + resource "azurerm_traffic_manager_azure_endpoint" "region1-tme1" {
      + always_serve_enabled = false
      + enabled              = true
      + id                   = (known after apply)
      + name                 = "uksouth-endpoint"
      + priority             = (known after apply)
      + profile_id           = (known after apply)
      + target_resource_id   = (known after apply)
      + weight               = 100
    }

  # azurerm_traffic_manager_azure_endpoint.region2-tme1 will be created
  + resource "azurerm_traffic_manager_azure_endpoint" "region2-tme1" {
      + always_serve_enabled = false
      + enabled              = true
      + id                   = (known after apply)
      + name                 = "ukwest-endpoint"
      + priority             = (known after apply)
      + profile_id           = (known after apply)
      + target_resource_id   = (known after apply)
      + weight               = 100
    }

  # azurerm_traffic_manager_profile.tm1 will be created
  + resource "azurerm_traffic_manager_profile" "tm1" {
      + fqdn                   = (known after apply)
      + id                     = (known after apply)
      + name                   = "tm-chaos-demo"
      + profile_status         = (known after apply)
      + resource_group_name    = "rg-uksouth-chaos-demo-01"
      + tags                   = {
          + "Environment" = "ChaosStudioDemo"
          + "Owner"       = "dacat"
        }
      + traffic_routing_method = "Weighted"

      + dns_config {
          + relative_name = (known after apply)
          + ttl           = 100
        }

      + monitor_config {
          + interval_in_seconds          = 30
          + path                         = "/"
          + port                         = 80
          + protocol                     = "HTTP"
          + timeout_in_seconds           = 10
          + tolerated_number_of_failures = 3
        }
    }

  # azurerm_virtual_network.region1-hub1 will be created
  + resource "azurerm_virtual_network" "region1-hub1" {
      + address_space       = [
          + "10.150.0.0/21",
        ]
      + dns_servers         = (known after apply)
      + guid                = (known after apply)
      + id                  = (known after apply)
      + location            = "uksouth"
      + name                = "vnet-uksouth-hub-01"
      + resource_group_name = "rg-uksouth-chaos-demo-01"
      + subnet              = (known after apply)
      + tags                = {
          + "Environment" = "ChaosStudioDemo"
          + "Owner"       = "dacat"
        }
    }

  # azurerm_virtual_network.region2-hub1 will be created
  + resource "azurerm_virtual_network" "region2-hub1" {
      + address_space       = [
          + "10.160.0.0/21",
        ]
      + dns_servers         = (known after apply)
      + guid                = (known after apply)
      + id                  = (known after apply)
      + location            = "ukwest"
      + name                = "vnet-ukwest-hub-01"
      + resource_group_name = "rg-ukwest-chaos-demo-01"
      + subnet              = (known after apply)
      + tags                = {
          + "Environment" = "ChaosStudioDemo"
          + "Owner"       = "dacat"
        }
    }

  # azurerm_virtual_network_peering.hub1-to-hub2 will be created
  + resource "azurerm_virtual_network_peering" "hub1-to-hub2" {
      + allow_forwarded_traffic                = false
      + allow_gateway_transit                  = false
      + allow_virtual_network_access           = true
      + id                                     = (known after apply)
      + name                                   = "uksouth-hub-to-ukwest-hub"
      + peer_complete_virtual_networks_enabled = true
      + remote_virtual_network_id              = (known after apply)
      + resource_group_name                    = "rg-uksouth-chaos-demo-01"
      + use_remote_gateways                    = false
      + virtual_network_name                   = "vnet-uksouth-hub-01"
    }

  # azurerm_virtual_network_peering.hub2-to-hub1 will be created
  + resource "azurerm_virtual_network_peering" "hub2-to-hub1" {
      + allow_forwarded_traffic                = false
      + allow_gateway_transit                  = false
      + allow_virtual_network_access           = true
      + id                                     = (known after apply)
      + name                                   = "ukwest-hub-to-uksouth-hub"
      + peer_complete_virtual_networks_enabled = true
      + remote_virtual_network_id              = (known after apply)
      + resource_group_name                    = "rg-ukwest-chaos-demo-01"
      + use_remote_gateways                    = false
      + virtual_network_name                   = "vnet-ukwest-hub-01"
    }

  # azurerm_windows_virtual_machine.region1-vmsa[0] will be created
  + resource "azurerm_windows_virtual_machine" "region1-vmsa" {
      + admin_password                                         = (sensitive value)
      + admin_username                                         = "azureadmin"
      + allow_extension_operations                             = true
      + availability_set_id                                    = (known after apply)
      + bypass_platform_safety_checks_on_user_schedule_enabled = false
      + computer_name                                          = (known after apply)
      + disk_controller_type                                   = (known after apply)
      + enable_automatic_updates                               = true
      + extensions_time_budget                                 = "PT1H30M"
      + hotpatching_enabled                                    = false
      + id                                                     = (known after apply)
      + location                                               = "uksouth"
      + max_bid_price                                          = -1
      + name                                                   = "vm-uks-a-0"
      + network_interface_ids                                  = (known after apply)
      + patch_assessment_mode                                  = "ImageDefault"
      + patch_mode                                             = "AutomaticByOS"
      + platform_fault_domain                                  = -1
      + priority                                               = "Regular"
      + private_ip_address                                     = (known after apply)
      + private_ip_addresses                                   = (known after apply)
      + provision_vm_agent                                     = true
      + public_ip_address                                      = (known after apply)
      + public_ip_addresses                                    = (known after apply)
      + resource_group_name                                    = "rg-uksouth-chaos-demo-01"
      + size                                                   = "Standard_D2s_v4"
      + tags                                                   = {
          + "Environment" = "ChaosStudioDemo"
          + "Owner"       = "dacat"
        }
      + virtual_machine_id                                     = (known after apply)
      + vm_agent_platform_updates_enabled                      = false

      + os_disk {
          + caching                   = "ReadWrite"
          + disk_size_gb              = (known after apply)
          + name                      = (known after apply)
          + storage_account_type      = "StandardSSD_LRS"
          + write_accelerator_enabled = false
        }

      + source_image_reference {
          + offer     = "WindowsServer"
          + publisher = "MicrosoftWindowsServer"
          + sku       = "2022-Datacenter"
          + version   = "latest"
        }
    }

  # azurerm_windows_virtual_machine.region1-vmsb[0] will be created
  + resource "azurerm_windows_virtual_machine" "region1-vmsb" {
      + admin_password                                         = (sensitive value)
      + admin_username                                         = "azureadmin"
      + allow_extension_operations                             = true
      + availability_set_id                                    = (known after apply)
      + bypass_platform_safety_checks_on_user_schedule_enabled = false
      + computer_name                                          = (known after apply)
      + disk_controller_type                                   = (known after apply)
      + enable_automatic_updates                               = true
      + extensions_time_budget                                 = "PT1H30M"
      + hotpatching_enabled                                    = false
      + id                                                     = (known after apply)
      + location                                               = "uksouth"
      + max_bid_price                                          = -1
      + name                                                   = "vm-uks-b-0"
      + network_interface_ids                                  = (known after apply)
      + patch_assessment_mode                                  = "ImageDefault"
      + patch_mode                                             = "AutomaticByOS"
      + platform_fault_domain                                  = -1
      + priority                                               = "Regular"
      + private_ip_address                                     = (known after apply)
      + private_ip_addresses                                   = (known after apply)
      + provision_vm_agent                                     = true
      + public_ip_address                                      = (known after apply)
      + public_ip_addresses                                    = (known after apply)
      + resource_group_name                                    = "rg-uksouth-chaos-demo-01"
      + size                                                   = "Standard_D2s_v4"
      + tags                                                   = {
          + "Environment" = "ChaosStudioDemo"
          + "Owner"       = "dacat"
        }
      + virtual_machine_id                                     = (known after apply)
      + vm_agent_platform_updates_enabled                      = false

      + os_disk {
          + caching                   = "ReadWrite"
          + disk_size_gb              = (known after apply)
          + name                      = (known after apply)
          + storage_account_type      = "StandardSSD_LRS"
          + write_accelerator_enabled = false
        }

      + source_image_reference {
          + offer     = "WindowsServer"
          + publisher = "MicrosoftWindowsServer"
          + sku       = "2022-Datacenter"
          + version   = "latest"
        }
    }

  # azurerm_windows_virtual_machine.region2-avms[0] will be created
  + resource "azurerm_windows_virtual_machine" "region2-avms" {
      + admin_password                                         = (sensitive value)
      + admin_username                                         = "azureadmin"
      + allow_extension_operations                             = true
      + availability_set_id                                    = (known after apply)
      + bypass_platform_safety_checks_on_user_schedule_enabled = false
      + computer_name                                          = (known after apply)
      + disk_controller_type                                   = (known after apply)
      + enable_automatic_updates                               = true
      + extensions_time_budget                                 = "PT1H30M"
      + hotpatching_enabled                                    = false
      + id                                                     = (known after apply)
      + location                                               = "ukwest"
      + max_bid_price                                          = -1
      + name                                                   = "vm-ukw-a-0"
      + network_interface_ids                                  = (known after apply)
      + patch_assessment_mode                                  = "ImageDefault"
      + patch_mode                                             = "AutomaticByOS"
      + platform_fault_domain                                  = -1
      + priority                                               = "Regular"
      + private_ip_address                                     = (known after apply)
      + private_ip_addresses                                   = (known after apply)
      + provision_vm_agent                                     = true
      + public_ip_address                                      = (known after apply)
      + public_ip_addresses                                    = (known after apply)
      + resource_group_name                                    = "rg-ukwest-chaos-demo-01"
      + size                                                   = "Standard_D2s_v4"
      + tags                                                   = {
          + "Environment" = "ChaosStudioDemo"
          + "Owner"       = "dacat"
        }
      + virtual_machine_id                                     = (known after apply)
      + vm_agent_platform_updates_enabled                      = false

      + os_disk {
          + caching                   = "ReadWrite"
          + disk_size_gb              = (known after apply)
          + name                      = (known after apply)
          + storage_account_type      = "StandardSSD_LRS"
          + write_accelerator_enabled = false
        }

      + source_image_reference {
          + offer     = "WindowsServer"
          + publisher = "MicrosoftWindowsServer"
          + sku       = "2022-Datacenter"
          + version   = "latest"
        }
    }

  # azurerm_windows_virtual_machine.region2-bvms[0] will be created
  + resource "azurerm_windows_virtual_machine" "region2-bvms" {
      + admin_password                                         = (sensitive value)
      + admin_username                                         = "azureadmin"
      + allow_extension_operations                             = true
      + availability_set_id                                    = (known after apply)
      + bypass_platform_safety_checks_on_user_schedule_enabled = false
      + computer_name                                          = (known after apply)
      + disk_controller_type                                   = (known after apply)
      + enable_automatic_updates                               = true
      + extensions_time_budget                                 = "PT1H30M"
      + hotpatching_enabled                                    = false
      + id                                                     = (known after apply)
      + location                                               = "ukwest"
      + max_bid_price                                          = -1
      + name                                                   = "vm-ukw-b-0"
      + network_interface_ids                                  = (known after apply)
      + patch_assessment_mode                                  = "ImageDefault"
      + patch_mode                                             = "AutomaticByOS"
      + platform_fault_domain                                  = -1
      + priority                                               = "Regular"
      + private_ip_address                                     = (known after apply)
      + private_ip_addresses                                   = (known after apply)
      + provision_vm_agent                                     = true
      + public_ip_address                                      = (known after apply)
      + public_ip_addresses                                    = (known after apply)
      + resource_group_name                                    = "rg-ukwest-chaos-demo-01"
      + size                                                   = "Standard_D2s_v4"
      + tags                                                   = {
          + "Environment" = "ChaosStudioDemo"
          + "Owner"       = "dacat"
        }
      + virtual_machine_id                                     = (known after apply)
      + vm_agent_platform_updates_enabled                      = false

      + os_disk {
          + caching                   = "ReadWrite"
          + disk_size_gb              = (known after apply)
          + name                      = (known after apply)
          + storage_account_type      = "StandardSSD_LRS"
          + write_accelerator_enabled = false
        }

      + source_image_reference {
          + offer     = "WindowsServer"
          + publisher = "MicrosoftWindowsServer"
          + sku       = "2022-Datacenter"
          + version   = "latest"
        }
    }

  # random_id.dns-name will be created
  + resource "random_id" "dns-name" {
      + b64_std     = (known after apply)
      + b64_url     = (known after apply)
      + byte_length = 4
      + dec         = (known after apply)
      + hex         = (known after apply)
      + id          = (known after apply)
    }

  # random_id.kvname will be created
  + resource "random_id" "kvname" {
      + b64_std     = (known after apply)
      + b64_url     = (known after apply)
      + byte_length = 5
      + dec         = (known after apply)
      + hex         = (known after apply)
      + id          = (known after apply)
      + prefix      = "keyvault"
    }

  # random_password.vmpassword will be created
  + resource "random_password" "vmpassword" {
      + bcrypt_hash = (sensitive value)
      + id          = (known after apply)
      + length      = 20
      + lower       = true
      + min_lower   = 0
      + min_numeric = 0
      + min_special = 0
      + min_upper   = 0
      + number      = true
      + numeric     = true
      + result      = (sensitive value)
      + special     = true
      + upper       = true
    }

Plan: 68 to add, 0 to change, 0 to destroy.

Changes to Outputs:
  + _1_Access-URL-via-TrafficManager   = (known after apply)
  + _2_Access-URL-via-Region1-Firewall = (known after apply)
  + _3_Access-URL-via-Region2-Firewall = (known after apply)

─────────────────────────────────────────────────────────────────────────────

Note: You didn't use the -out option to save this plan, so Terraform can't
guarantee to take exactly these actions if you run "terraform apply" now.
