random_id.kvname: Refreshing state... [id=SvFivlo]
random_id.dns-name: Refreshing state... [id=_FWwAg]
null_resource.register_chaos_provider: Refreshing state... [id=3497037315752814467]
random_string.random: Refreshing state... [id=GaJ]
random_password.vmpassword: Refreshing state... [id=none]
data.azurerm_client_config.current: Reading...
data.azurerm_subscription.current: Reading...
azurerm_resource_group.uks: Refreshing state... [id=/subscriptions/ec08f54a-0f1a-4c39-a964-cc5f288924e4/resourceGroups/rg-uksouth-chaos-demo-01]
data.azurerm_client_config.current: Read complete after 0s [id=Y2xpZW50Q29uZmlncy9jbGllbnRJZD0wNGIwNzc5NS04ZGRiLTQ2MWEtYmJlZS0wMmY5ZTFiZjdiNDY7b2JqZWN0SWQ9OTlkNmExNjEtNDIyOC00MmMyLTgxMzYtMGY3NTllMDU2ZDFmO3N1YnNjcmlwdGlvbklkPWVjMDhmNTRhLTBmMWEtNGMzOS1hOTY0LWNjNWYyODg5MjRlNDt0ZW5hbnRJZD02OGEzYmU0OC1jNTVlLTQxNGMtYjJiZi01Y2M0ZDJkODFkNzQ=]
data.azurerm_subscription.current: Read complete after 1s [id=/subscriptions/ec08f54a-0f1a-4c39-a964-cc5f288924e4]
azurerm_network_security_group.uks-nsg1: Refreshing state... [id=/subscriptions/ec08f54a-0f1a-4c39-a964-cc5f288924e4/resourceGroups/rg-uksouth-chaos-demo-01/providers/Microsoft.Network/networkSecurityGroups/nsg-snet-uksouth-vnet-hub-01]
azurerm_availability_set.uks-asb: Refreshing state... [id=/subscriptions/ec08f54a-0f1a-4c39-a964-cc5f288924e4/resourceGroups/rg-uksouth-chaos-demo-01/providers/Microsoft.Compute/availabilitySets/as-uksouth-b]
azurerm_user_assigned_identity.uai-uks: Refreshing state... [id=/subscriptions/ec08f54a-0f1a-4c39-a964-cc5f288924e4/resourceGroups/rg-uksouth-chaos-demo-01/providers/Microsoft.ManagedIdentity/userAssignedIdentities/UAI-uksouth]
azurerm_availability_set.uks-asa: Refreshing state... [id=/subscriptions/ec08f54a-0f1a-4c39-a964-cc5f288924e4/resourceGroups/rg-uksouth-chaos-demo-01/providers/Microsoft.Compute/availabilitySets/as-uksouth-a]
azurerm_service_plan.uks-asp: Refreshing state... [id=/subscriptions/ec08f54a-0f1a-4c39-a964-cc5f288924e4/resourceGroups/rg-uksouth-chaos-demo-01/providers/Microsoft.Web/serverFarms/uksouth-asp-01]
azurerm_public_ip.uks-fwpip: Refreshing state... [id=/subscriptions/ec08f54a-0f1a-4c39-a964-cc5f288924e4/resourceGroups/rg-uksouth-chaos-demo-01/providers/Microsoft.Network/publicIPAddresses/pip-fw-uksouth-01]
azurerm_traffic_manager_profile.tm1: Refreshing state... [id=/subscriptions/ec08f54a-0f1a-4c39-a964-cc5f288924e4/resourceGroups/rg-uksouth-chaos-demo-01/providers/Microsoft.Network/trafficManagerProfiles/tm-chaos-demo]
azurerm_virtual_network.uks-hub1: Refreshing state... [id=/subscriptions/ec08f54a-0f1a-4c39-a964-cc5f288924e4/resourceGroups/rg-uksouth-chaos-demo-01/providers/Microsoft.Network/virtualNetworks/vnet-uksouth-hub-01]
azurerm_app_configuration.uks-config: Refreshing state... [id=/subscriptions/ec08f54a-0f1a-4c39-a964-cc5f288924e4/resourceGroups/rg-uksouth-chaos-demo-01/providers/Microsoft.AppConfiguration/configurationStores/appcfg-uksouth-01]
azurerm_storage_account.uks-sa1: Refreshing state... [id=/subscriptions/ec08f54a-0f1a-4c39-a964-cc5f288924e4/resourceGroups/rg-uksouth-chaos-demo-01/providers/Microsoft.Storage/storageAccounts/sauksouth01]
azurerm_public_ip.uks-fwmanpip: Refreshing state... [id=/subscriptions/ec08f54a-0f1a-4c39-a964-cc5f288924e4/resourceGroups/rg-uksouth-chaos-demo-01/providers/Microsoft.Network/publicIPAddresses/pip-fwman-uksouth-01]
azurerm_storage_account.uks-vm1: Refreshing state... [id=/subscriptions/ec08f54a-0f1a-4c39-a964-cc5f288924e4/resourceGroups/rg-uksouth-chaos-demo-01/providers/Microsoft.Storage/storageAccounts/sauksouthvmdiag]
azurerm_subnet.uks-hub1-subnetlb: Refreshing state... [id=/subscriptions/ec08f54a-0f1a-4c39-a964-cc5f288924e4/resourceGroups/rg-uksouth-chaos-demo-01/providers/Microsoft.Network/virtualNetworks/vnet-uksouth-hub-01/subnets/snetlb-uksouth-vnet-hub-01]
azurerm_subnet.uks-hub1-subnet: Refreshing state... [id=/subscriptions/ec08f54a-0f1a-4c39-a964-cc5f288924e4/resourceGroups/rg-uksouth-chaos-demo-01/providers/Microsoft.Network/virtualNetworks/vnet-uksouth-hub-01/subnets/snethost-uksouth-vnet-hub-01]
azurerm_subnet.uks-hub1-subnetfwman: Refreshing state... [id=/subscriptions/ec08f54a-0f1a-4c39-a964-cc5f288924e4/resourceGroups/rg-uksouth-chaos-demo-01/providers/Microsoft.Network/virtualNetworks/vnet-uksouth-hub-01/subnets/AzureFirewallManagementSubnet]
azurerm_subnet.uks-hub1-subnetfw: Refreshing state... [id=/subscriptions/ec08f54a-0f1a-4c39-a964-cc5f288924e4/resourceGroups/rg-uksouth-chaos-demo-01/providers/Microsoft.Network/virtualNetworks/vnet-uksouth-hub-01/subnets/AzureFirewallSubnet]
azurerm_role_assignment.key_vault: Refreshing state... [id=/subscriptions/ec08f54a-0f1a-4c39-a964-cc5f288924e4/resourceGroups/rg-uksouth-chaos-demo-01/providers/Microsoft.Authorization/roleAssignments/85d29677-f43b-f3d6-777c-c86c36d193f3]
azurerm_role_assignment.cosmosdb: Refreshing state... [id=/subscriptions/ec08f54a-0f1a-4c39-a964-cc5f288924e4/resourceGroups/rg-uksouth-chaos-demo-01/providers/Microsoft.Authorization/roleAssignments/6ddc855e-22b9-9ab2-f691-321769b0a95c]
azurerm_role_assignment.vm_operator: Refreshing state... [id=/subscriptions/ec08f54a-0f1a-4c39-a964-cc5f288924e4/resourceGroups/rg-uksouth-chaos-demo-01/providers/Microsoft.Authorization/roleAssignments/2c82441c-3571-85b0-3ca1-d5adf42e94d2]
azurerm_role_assignment.chaos_contributor: Refreshing state... [id=/subscriptions/ec08f54a-0f1a-4c39-a964-cc5f288924e4/resourceGroups/rg-uksouth-chaos-demo-01/providers/Microsoft.Authorization/roleAssignments/0d24dfdc-e681-849d-a13c-3219bd732243]
azurerm_role_assignment.storage_blob_data_reader: Refreshing state... [id=/subscriptions/ec08f54a-0f1a-4c39-a964-cc5f288924e4/resourceGroups/rg-uksouth-chaos-demo-01/providers/Microsoft.Authorization/roleAssignments/40f335a2-15b9-8b2e-90ba-53c99bdfa862]
azurerm_role_assignment.domainname: Refreshing state... [id=/subscriptions/ec08f54a-0f1a-4c39-a964-cc5f288924e4/resourceGroups/rg-uksouth-chaos-demo-01/providers/Microsoft.Authorization/roleAssignments/58adde07-f2c0-2925-5d43-9622b62f936c]
azurerm_role_assignment.eventhub: Refreshing state... [id=/subscriptions/ec08f54a-0f1a-4c39-a964-cc5f288924e4/resourceGroups/rg-uksouth-chaos-demo-01/providers/Microsoft.Authorization/roleAssignments/932c7357-d140-bf0d-3162-fc736ba45ebc]
azurerm_role_assignment.loadtest: Refreshing state... [id=/subscriptions/ec08f54a-0f1a-4c39-a964-cc5f288924e4/resourceGroups/rg-uksouth-chaos-demo-01/providers/Microsoft.Authorization/roleAssignments/24cb3efb-bf9b-35d2-4b1f-e1ca00370ea3]
azurerm_role_assignment.servicebus: Refreshing state... [id=/subscriptions/ec08f54a-0f1a-4c39-a964-cc5f288924e4/resourceGroups/rg-uksouth-chaos-demo-01/providers/Microsoft.Authorization/roleAssignments/5e255f70-7019-85c5-b5b2-de99d672e7a4]
azurerm_role_assignment.fa: Refreshing state... [id=/subscriptions/ec08f54a-0f1a-4c39-a964-cc5f288924e4/resourceGroups/rg-uksouth-chaos-demo-01/providers/Microsoft.Authorization/roleAssignments/1e772fd6-331b-0199-2115-a58fcf8f9cc4]
azurerm_role_assignment.nsg: Refreshing state... [id=/subscriptions/ec08f54a-0f1a-4c39-a964-cc5f288924e4/resourceGroups/rg-uksouth-chaos-demo-01/providers/Microsoft.Authorization/roleAssignments/c79a8741-e3e2-134a-09f2-4abd0a62e3d1]
azurerm_role_assignment.autoscale: Refreshing state... [id=/subscriptions/ec08f54a-0f1a-4c39-a964-cc5f288924e4/resourceGroups/rg-uksouth-chaos-demo-01/providers/Microsoft.Authorization/roleAssignments/10aa94ad-93f5-b16a-5563-22e3687e27b6]
azurerm_role_assignment.akscluster: Refreshing state... [id=/subscriptions/ec08f54a-0f1a-4c39-a964-cc5f288924e4/resourceGroups/rg-uksouth-chaos-demo-01/providers/Microsoft.Authorization/roleAssignments/e9a93398-3444-65e1-b2d6-bcac538fc09f]
azurerm_role_assignment.redis: Refreshing state... [id=/subscriptions/ec08f54a-0f1a-4c39-a964-cc5f288924e4/resourceGroups/rg-uksouth-chaos-demo-01/providers/Microsoft.Authorization/roleAssignments/e5ed35c4-521d-a469-a8c7-a327ea358520]
azurerm_traffic_manager_azure_endpoint.uks-tme1: Refreshing state... [id=/subscriptions/ec08f54a-0f1a-4c39-a964-cc5f288924e4/resourceGroups/rg-uksouth-chaos-demo-01/providers/Microsoft.Network/trafficManagerProfiles/tm-chaos-demo/AzureEndpoints/uksouth-endpoint]
azurerm_lb.uks-lb: Refreshing state... [id=/subscriptions/ec08f54a-0f1a-4c39-a964-cc5f288924e4/resourceGroups/rg-uksouth-chaos-demo-01/providers/Microsoft.Network/loadBalancers/lb-int-uksouth]
azurerm_subnet_network_security_group_association.uks-hub: Refreshing state... [id=/subscriptions/ec08f54a-0f1a-4c39-a964-cc5f288924e4/resourceGroups/rg-uksouth-chaos-demo-01/providers/Microsoft.Network/virtualNetworks/vnet-uksouth-hub-01/subnets/snethost-uksouth-vnet-hub-01]
azurerm_network_interface.uks-anics[0]: Refreshing state... [id=/subscriptions/ec08f54a-0f1a-4c39-a964-cc5f288924e4/resourceGroups/rg-uksouth-chaos-demo-01/providers/Microsoft.Network/networkInterfaces/nic-uksouth-a-0]
azurerm_network_interface.uks-bnics[0]: Refreshing state... [id=/subscriptions/ec08f54a-0f1a-4c39-a964-cc5f288924e4/resourceGroups/rg-uksouth-chaos-demo-01/providers/Microsoft.Network/networkInterfaces/nic-uksouth-b-0]
azurerm_firewall.uks-fw1: Refreshing state... [id=/subscriptions/ec08f54a-0f1a-4c39-a964-cc5f288924e4/resourceGroups/rg-uksouth-chaos-demo-01/providers/Microsoft.Network/azureFirewalls/fw-uksouth-01]
azurerm_role_assignment.appconf_dataowner: Refreshing state... [id=/subscriptions/ec08f54a-0f1a-4c39-a964-cc5f288924e4/resourceGroups/rg-uksouth-chaos-demo-01/providers/Microsoft.AppConfiguration/configurationStores/appcfg-uksouth-01/providers/Microsoft.Authorization/roleAssignments/1a862ab7-6f16-68b0-2e75-6d8a4e59e9ed]
azurerm_lb_probe.uks-probe: Refreshing state... [id=/subscriptions/ec08f54a-0f1a-4c39-a964-cc5f288924e4/resourceGroups/rg-uksouth-chaos-demo-01/providers/Microsoft.Network/loadBalancers/lb-int-uksouth/probes/http-probe]
azurerm_lb_backend_address_pool.uks-pool: Refreshing state... [id=/subscriptions/ec08f54a-0f1a-4c39-a964-cc5f288924e4/resourceGroups/rg-uksouth-chaos-demo-01/providers/Microsoft.Network/loadBalancers/lb-int-uksouth/backendAddressPools/BackEndAddressPool]
azurerm_route_table.uks-rt1: Refreshing state... [id=/subscriptions/ec08f54a-0f1a-4c39-a964-cc5f288924e4/resourceGroups/rg-uksouth-chaos-demo-01/providers/Microsoft.Network/routeTables/rtbl-uksouth-01]
azurerm_firewall_network_rule_collection.uks-outbound: Refreshing state... [id=/subscriptions/ec08f54a-0f1a-4c39-a964-cc5f288924e4/resourceGroups/rg-uksouth-chaos-demo-01/providers/Microsoft.Network/azureFirewalls/fw-uksouth-01/networkRuleCollections/uksouth-outbound]
azurerm_firewall_nat_rule_collection.uks-nat: Refreshing state... [id=/subscriptions/ec08f54a-0f1a-4c39-a964-cc5f288924e4/resourceGroups/rg-uksouth-chaos-demo-01/providers/Microsoft.Network/azureFirewalls/fw-uksouth-01/natRuleCollections/uksouth-nat1]
azurerm_network_interface_backend_address_pool_association.uks-a[0]: Refreshing state... [id=/subscriptions/ec08f54a-0f1a-4c39-a964-cc5f288924e4/resourceGroups/rg-uksouth-chaos-demo-01/providers/Microsoft.Network/networkInterfaces/nic-uksouth-a-0/ipConfigurations/uksouth-nic-a-0-ipconfig|/subscriptions/ec08f54a-0f1a-4c39-a964-cc5f288924e4/resourceGroups/rg-uksouth-chaos-demo-01/providers/Microsoft.Network/loadBalancers/lb-int-uksouth/backendAddressPools/BackEndAddressPool]
azurerm_network_interface_backend_address_pool_association.uks-b[0]: Refreshing state... [id=/subscriptions/ec08f54a-0f1a-4c39-a964-cc5f288924e4/resourceGroups/rg-uksouth-chaos-demo-01/providers/Microsoft.Network/networkInterfaces/nic-uksouth-b-0/ipConfigurations/uksouth-nic-b-0-ipconfig|/subscriptions/ec08f54a-0f1a-4c39-a964-cc5f288924e4/resourceGroups/rg-uksouth-chaos-demo-01/providers/Microsoft.Network/loadBalancers/lb-int-uksouth/backendAddressPools/BackEndAddressPool]
azurerm_lb_rule.uks-rule: Refreshing state... [id=/subscriptions/ec08f54a-0f1a-4c39-a964-cc5f288924e4/resourceGroups/rg-uksouth-chaos-demo-01/providers/Microsoft.Network/loadBalancers/lb-int-uksouth/loadBalancingRules/LBRule]
azurerm_app_configuration_key.ck1: Refreshing state... [id=https://appcfg-uksouth-01.azconfig.io/kv/key1?label=appsecret1]
azurerm_app_configuration_key.ck2: Refreshing state... [id=https://appcfg-uksouth-01.azconfig.io/kv/key2?label=appsecret2]
azurerm_subnet_route_table_association.uks: Refreshing state... [id=/subscriptions/ec08f54a-0f1a-4c39-a964-cc5f288924e4/resourceGroups/rg-uksouth-chaos-demo-01/providers/Microsoft.Network/virtualNetworks/vnet-uksouth-hub-01/subnets/snethost-uksouth-vnet-hub-01]
azurerm_linux_function_app.uks-fa: Refreshing state... [id=/subscriptions/ec08f54a-0f1a-4c39-a964-cc5f288924e4/resourceGroups/rg-uksouth-chaos-demo-01/providers/Microsoft.Web/sites/sa-uksouth-fa01]
data.azurerm_linux_function_app.uks-fa: Reading...
data.azurerm_linux_function_app.uks-fa: Still reading... [10s elapsed]
data.azurerm_linux_function_app.uks-fa: Read complete after 13s [id=/subscriptions/ec08f54a-0f1a-4c39-a964-cc5f288924e4/resourceGroups/rg-uksouth-chaos-demo-01/providers/Microsoft.Web/sites/sa-uksouth-fa01]
azurerm_key_vault.kv1: Refreshing state... [id=/subscriptions/ec08f54a-0f1a-4c39-a964-cc5f288924e4/resourceGroups/rg-uksouth-chaos-demo-01/providers/Microsoft.KeyVault/vaults/keyvault4af162be5a]
azurerm_key_vault_secret.vmpassword1: Refreshing state... [id=https://keyvault4af162be5a.vault.azure.net/secrets/vmpassword1/854e3d8539f84797a264b2eff2989fe2]
azurerm_key_vault_secret.vmpassword2: Refreshing state... [id=https://keyvault4af162be5a.vault.azure.net/secrets/vmpassword2/132e219a27a442f88a3d90385be3aa11]
azurerm_windows_virtual_machine.uks-vmsb[0]: Refreshing state... [id=/subscriptions/ec08f54a-0f1a-4c39-a964-cc5f288924e4/resourceGroups/rg-uksouth-chaos-demo-01/providers/Microsoft.Compute/virtualMachines/vm-uks-b-0]
azurerm_windows_virtual_machine.uks-vmsa[0]: Refreshing state... [id=/subscriptions/ec08f54a-0f1a-4c39-a964-cc5f288924e4/resourceGroups/rg-uksouth-chaos-demo-01/providers/Microsoft.Compute/virtualMachines/vm-uks-a-0]
azurerm_windows_virtual_machine_scale_set.uks-vmssa[0]: Refreshing state... [id=/subscriptions/ec08f54a-0f1a-4c39-a964-cc5f288924e4/resourceGroups/rg-uksouth-chaos-demo-01/providers/Microsoft.Compute/virtualMachineScaleSets/uks-0]
azurerm_windows_virtual_machine_scale_set.uks-vmssa[1]: Refreshing state... [id=/subscriptions/ec08f54a-0f1a-4c39-a964-cc5f288924e4/resourceGroups/rg-uksouth-chaos-demo-01/providers/Microsoft.Compute/virtualMachineScaleSets/uks-1]
azurerm_key_vault_access_policy.kv1_vmsa_access: Refreshing state... [id=/subscriptions/ec08f54a-0f1a-4c39-a964-cc5f288924e4/resourceGroups/rg-uksouth-chaos-demo-01/providers/Microsoft.KeyVault/vaults/keyvault4af162be5a/objectId/83334d8f-4c13-4551-ba0f-b601b4f54e82]
azurerm_key_vault_access_policy.kv1_vmsb_access: Refreshing state... [id=/subscriptions/ec08f54a-0f1a-4c39-a964-cc5f288924e4/resourceGroups/rg-uksouth-chaos-demo-01/providers/Microsoft.KeyVault/vaults/keyvault4af162be5a/objectId/d9e2c0fa-efbc-4d56-b3c3-0a749e0a6120]

Terraform used the selected providers to generate the following execution
plan. Resource actions are indicated with the following symbols:
  + create
  ~ update in-place
-/+ destroy and then create replacement

Terraform will perform the following actions:

  # azuread_application.cs_app will be created
  + resource "azuread_application" "cs_app" {
      + app_role_ids                = (known after apply)
      + application_id              = (known after apply)
      + client_id                   = (known after apply)
      + disabled_by_microsoft       = (known after apply)
      + display_name                = "chaos-studio-sp"
      + id                          = (known after apply)
      + logo_url                    = (known after apply)
      + oauth2_permission_scope_ids = (known after apply)
      + object_id                   = (known after apply)
      + prevent_duplicate_names     = false
      + publisher_domain            = (known after apply)
      + sign_in_audience            = "AzureADMyOrg"
      + tags                        = (known after apply)
      + template_id                 = (known after apply)
    }

  # azuread_service_principal.cs_sp will be created
  + resource "azuread_service_principal" "cs_sp" {
      + account_enabled             = true
      + app_role_ids                = (known after apply)
      + app_roles                   = (known after apply)
      + application_id              = (known after apply)
      + application_tenant_id       = (known after apply)
      + client_id                   = (known after apply)
      + display_name                = (known after apply)
      + homepage_url                = (known after apply)
      + id                          = (known after apply)
      + logout_url                  = (known after apply)
      + oauth2_permission_scope_ids = (known after apply)
      + oauth2_permission_scopes    = (known after apply)
      + object_id                   = (known after apply)
      + redirect_uris               = (known after apply)
      + saml_metadata_url           = (known after apply)
      + service_principal_names     = (known after apply)
      + sign_in_audience            = (known after apply)
      + tags                        = (known after apply)
      + type                        = (known after apply)
    }

  # azuread_service_principal_password.cs_sp_pw will be created
  + resource "azuread_service_principal_password" "cs_sp_pw" {
      + display_name         = (known after apply)
      + end_date             = (known after apply)
      + id                   = (known after apply)
      + key_id               = (known after apply)
      + service_principal_id = (known after apply)
      + start_date           = (known after apply)
      + value                = (sensitive value)
    }

  # azurerm_chaos_studio_target.uks_vmsa_ab will be created
  + resource "azurerm_chaos_studio_target" "uks_vmsa_ab" {
      + id                 = (known after apply)
      + location           = "uksouth"
      + target_resource_id = "/subscriptions/ec08f54a-0f1a-4c39-a964-cc5f288924e4/resourceGroups/rg-uksouth-chaos-demo-01/providers/Microsoft.Compute/virtualMachines/vm-uks-a-0"
      + target_type        = "Microsoft-Agent"
    }

  # azurerm_key_vault_access_policy.kv1_vmsa_access will be created
  + resource "azurerm_key_vault_access_policy" "kv1_vmsa_access" {
      + id                 = (known after apply)
      + key_vault_id       = "/subscriptions/ec08f54a-0f1a-4c39-a964-cc5f288924e4/resourceGroups/rg-uksouth-chaos-demo-01/providers/Microsoft.KeyVault/vaults/keyvault4af162be5a"
      + object_id          = "83334d8f-4c13-4551-ba0f-b601b4f54e82"
      + secret_permissions = [
          + "Get",
          + "List",
        ]
      + tenant_id          = "68a3be48-c55e-414c-b2bf-5cc4d2d81d74"
    }

  # azurerm_key_vault_access_policy.kv1_vmsb_access will be created
  + resource "azurerm_key_vault_access_policy" "kv1_vmsb_access" {
      + id                 = (known after apply)
      + key_vault_id       = "/subscriptions/ec08f54a-0f1a-4c39-a964-cc5f288924e4/resourceGroups/rg-uksouth-chaos-demo-01/providers/Microsoft.KeyVault/vaults/keyvault4af162be5a"
      + object_id          = "d9e2c0fa-efbc-4d56-b3c3-0a749e0a6120"
      + secret_permissions = [
          + "Get",
          + "List",
        ]
      + tenant_id          = "68a3be48-c55e-414c-b2bf-5cc4d2d81d74"
    }

  # azurerm_key_vault_secret.vmpassword1 will be updated in-place
  ~ resource "azurerm_key_vault_secret" "vmpassword1" {
      ~ expiration_date         = "2024-09-09T12:53:19Z" -> (known after apply)
        id                      = "https://keyvault4af162be5a.vault.azure.net/secrets/vmpassword1/854e3d8539f84797a264b2eff2989fe2"
        name                    = "vmpassword1"
        tags                    = {}
        # (7 unchanged attributes hidden)
    }

  # azurerm_key_vault_secret.vmpassword2 will be updated in-place
  ~ resource "azurerm_key_vault_secret" "vmpassword2" {
      ~ expiration_date         = "2024-09-09T12:53:19Z" -> (known after apply)
        id                      = "https://keyvault4af162be5a.vault.azure.net/secrets/vmpassword2/132e219a27a442f88a3d90385be3aa11"
        name                    = "vmpassword2"
        tags                    = {}
        # (7 unchanged attributes hidden)
    }

  # azurerm_role_assignment.chaos_contributor_sp will be created
  + resource "azurerm_role_assignment" "chaos_contributor_sp" {
      + id                               = (known after apply)
      + name                             = (known after apply)
      + principal_id                     = (known after apply)
      + principal_type                   = (known after apply)
      + role_definition_id               = (known after apply)
      + role_definition_name             = "Chaos Contributor"
      + scope                            = "/subscriptions/ec08f54a-0f1a-4c39-a964-cc5f288924e4/resourceGroups/rg-uksouth-chaos-demo-01"
      + skip_service_principal_aad_check = (known after apply)
    }

  # azurerm_windows_virtual_machine.uks-vmsa[0] will be updated in-place
  ~ resource "azurerm_windows_virtual_machine" "uks-vmsa" {
        id                                                     = "/subscriptions/ec08f54a-0f1a-4c39-a964-cc5f288924e4/resourceGroups/rg-uksouth-chaos-demo-01/providers/Microsoft.Compute/virtualMachines/vm-uks-a-0"
        name                                                   = "vm-uks-a-0"
        tags                                                   = {
            "Environment" = "ChaosStudioDemo"
            "Health"      = "Active"
            "Owner"       = "dacat"
        }
        # (27 unchanged attributes hidden)

      ~ identity {
          ~ identity_ids = [
              - "/subscriptions/ec08f54a-0f1a-4c39-a964-cc5f288924e4/resourceGroups/op9-uks-monitoring-001/providers/Microsoft.ManagedIdentity/userAssignedIdentities/op9-uks-id-usr-vm-001",
            ]
          ~ type         = "SystemAssigned, UserAssigned" -> "SystemAssigned"
            # (2 unchanged attributes hidden)
        }

        # (3 unchanged blocks hidden)
    }

  # azurerm_windows_virtual_machine.uks-vmsb[0] will be updated in-place
  ~ resource "azurerm_windows_virtual_machine" "uks-vmsb" {
        id                                                     = "/subscriptions/ec08f54a-0f1a-4c39-a964-cc5f288924e4/resourceGroups/rg-uksouth-chaos-demo-01/providers/Microsoft.Compute/virtualMachines/vm-uks-b-0"
        name                                                   = "vm-uks-b-0"
        tags                                                   = {
            "Environment" = "ChaosStudioDemo"
            "Health"      = "Active"
            "Owner"       = "dacat"
        }
        # (27 unchanged attributes hidden)

      ~ identity {
          ~ identity_ids = [
              - "/subscriptions/ec08f54a-0f1a-4c39-a964-cc5f288924e4/resourceGroups/op9-uks-monitoring-001/providers/Microsoft.ManagedIdentity/userAssignedIdentities/op9-uks-id-usr-vm-001",
            ]
          ~ type         = "SystemAssigned, UserAssigned" -> "SystemAssigned"
            # (2 unchanged attributes hidden)
        }

        # (3 unchanged blocks hidden)
    }

  # azurerm_windows_virtual_machine_scale_set.uks-vmssa[0] will be updated in-place
  ~ resource "azurerm_windows_virtual_machine_scale_set" "uks-vmssa" {
        id                                                = "/subscriptions/ec08f54a-0f1a-4c39-a964-cc5f288924e4/resourceGroups/rg-uksouth-chaos-demo-01/providers/Microsoft.Compute/virtualMachineScaleSets/uks-0"
        name                                              = "uks-0"
        tags                                              = {
            "Environment" = "ChaosStudioDemo"
            "Health"      = "Active"
            "Owner"       = "dacat"
        }
        # (24 unchanged attributes hidden)

      ~ identity {
          ~ identity_ids = [
              - "/subscriptions/ec08f54a-0f1a-4c39-a964-cc5f288924e4/resourceGroups/op9-uks-monitoring-001/providers/Microsoft.ManagedIdentity/userAssignedIdentities/op9-uks-id-usr-vm-001",
            ]
          ~ type         = "SystemAssigned, UserAssigned" -> "SystemAssigned"
            # (2 unchanged attributes hidden)
        }

        # (5 unchanged blocks hidden)
    }

  # azurerm_windows_virtual_machine_scale_set.uks-vmssa[1] will be updated in-place
  ~ resource "azurerm_windows_virtual_machine_scale_set" "uks-vmssa" {
        id                                                = "/subscriptions/ec08f54a-0f1a-4c39-a964-cc5f288924e4/resourceGroups/rg-uksouth-chaos-demo-01/providers/Microsoft.Compute/virtualMachineScaleSets/uks-1"
        name                                              = "uks-1"
        tags                                              = {
            "Environment" = "ChaosStudioDemo"
            "Health"      = "Active"
            "Owner"       = "dacat"
        }
        # (24 unchanged attributes hidden)

      ~ identity {
          ~ identity_ids = [
              - "/subscriptions/ec08f54a-0f1a-4c39-a964-cc5f288924e4/resourceGroups/op9-uks-monitoring-001/providers/Microsoft.ManagedIdentity/userAssignedIdentities/op9-uks-id-usr-vm-001",
            ]
          ~ type         = "SystemAssigned, UserAssigned" -> "SystemAssigned"
            # (2 unchanged attributes hidden)
        }

        # (5 unchanged blocks hidden)
    }

  # null_resource.register_chaos_provider must be replaced
-/+ resource "null_resource" "register_chaos_provider" {
      ~ id       = "3497037315752814467" -> (known after apply)
      ~ triggers = { # forces replacement
          ~ "always_run" = "2024-09-02T12:53:19Z" -> (known after apply)
        }
    }

Plan: 8 to add, 6 to change, 1 to destroy.

Changes to Outputs:
  + client_id                         = (known after apply)
  + client_secret                     = (sensitive value)
  + id                                = "/subscriptions/ec08f54a-0f1a-4c39-a964-cc5f288924e4/resourceGroups/rg-uksouth-chaos-demo-01"
null_resource.register_chaos_provider: Destroying... [id=3497037315752814467]
null_resource.register_chaos_provider: Destruction complete after 0s
null_resource.register_chaos_provider: Creating...
null_resource.register_chaos_provider: Provisioning with 'local-exec'...
null_resource.register_chaos_provider (local-exec): Executing: ["cmd" "/C" "az provider register --namespace Microsoft.Chaos"]
azuread_application.cs_app: Creating...
null_resource.register_chaos_provider: Creation complete after 4s [id=7887790255519239986]
azurerm_key_vault_secret.vmpassword2: Modifying... [id=https://keyvault4af162be5a.vault.azure.net/secrets/vmpassword2/132e219a27a442f88a3d90385be3aa11]
azurerm_key_vault_secret.vmpassword1: Modifying... [id=https://keyvault4af162be5a.vault.azure.net/secrets/vmpassword1/854e3d8539f84797a264b2eff2989fe2]
azuread_application.cs_app: Creation complete after 5s [id=/applications/6d812787-10b2-440b-b8b3-3fa9a7f9c2a9]
azuread_service_principal.cs_sp: Creating...
azurerm_key_vault_secret.vmpassword1: Modifications complete after 2s [id=https://keyvault4af162be5a.vault.azure.net/secrets/vmpassword1/854e3d8539f84797a264b2eff2989fe2]
azurerm_key_vault_secret.vmpassword2: Modifications complete after 2s [id=https://keyvault4af162be5a.vault.azure.net/secrets/vmpassword2/132e219a27a442f88a3d90385be3aa11]
azurerm_windows_virtual_machine.uks-vmsa[0]: Modifying... [id=/subscriptions/ec08f54a-0f1a-4c39-a964-cc5f288924e4/resourceGroups/rg-uksouth-chaos-demo-01/providers/Microsoft.Compute/virtualMachines/vm-uks-a-0]
azurerm_windows_virtual_machine_scale_set.uks-vmssa[0]: Modifying... [id=/subscriptions/ec08f54a-0f1a-4c39-a964-cc5f288924e4/resourceGroups/rg-uksouth-chaos-demo-01/providers/Microsoft.Compute/virtualMachineScaleSets/uks-0]
azurerm_windows_virtual_machine_scale_set.uks-vmssa[1]: Modifying... [id=/subscriptions/ec08f54a-0f1a-4c39-a964-cc5f288924e4/resourceGroups/rg-uksouth-chaos-demo-01/providers/Microsoft.Compute/virtualMachineScaleSets/uks-1]
azurerm_windows_virtual_machine.uks-vmsb[0]: Modifying... [id=/subscriptions/ec08f54a-0f1a-4c39-a964-cc5f288924e4/resourceGroups/rg-uksouth-chaos-demo-01/providers/Microsoft.Compute/virtualMachines/vm-uks-b-0]
azuread_service_principal.cs_sp: Creation complete after 4s [id=6bd19f52-92b1-4d65-98c5-b59501e5e39a]
azuread_service_principal_password.cs_sp_pw: Creating...
azurerm_role_assignment.chaos_contributor_sp: Creating...
azuread_service_principal_password.cs_sp_pw: Creation complete after 6s [id=6bd19f52-92b1-4d65-98c5-b59501e5e39a/password/b1e45f77-d4f2-4b6f-a707-d02e2ce2ee2f]
azurerm_windows_virtual_machine_scale_set.uks-vmssa[0]: Still modifying... [id=/subscriptions/ec08f54a-0f1a-4c39-a964-....Compute/virtualMachineScaleSets/uks-0, 10s elapsed]
azurerm_windows_virtual_machine.uks-vmsb[0]: Still modifying... [id=/subscriptions/ec08f54a-0f1a-4c39-a964-...oft.Compute/virtualMachines/vm-uks-b-0, 10s elapsed]
azurerm_windows_virtual_machine_scale_set.uks-vmssa[1]: Still modifying... [id=/subscriptions/ec08f54a-0f1a-4c39-a964-....Compute/virtualMachineScaleSets/uks-1, 10s elapsed]
azurerm_windows_virtual_machine.uks-vmsa[0]: Still modifying... [id=/subscriptions/ec08f54a-0f1a-4c39-a964-...oft.Compute/virtualMachines/vm-uks-a-0, 10s elapsed]
azurerm_windows_virtual_machine_scale_set.uks-vmssa[1]: Modifications complete after 11s [id=/subscriptions/ec08f54a-0f1a-4c39-a964-cc5f288924e4/resourceGroups/rg-uksouth-chaos-demo-01/providers/Microsoft.Compute/virtualMachineScaleSets/uks-1]
azurerm_windows_virtual_machine.uks-vmsa[0]: Modifications complete after 12s [id=/subscriptions/ec08f54a-0f1a-4c39-a964-cc5f288924e4/resourceGroups/rg-uksouth-chaos-demo-01/providers/Microsoft.Compute/virtualMachines/vm-uks-a-0]
azurerm_chaos_studio_target.uks_vmsa_ab: Creating...
azurerm_key_vault_access_policy.kv1_vmsa_access: Creating...
azurerm_key_vault_access_policy.kv1_vmsa_access: Creation complete after 5s [id=/subscriptions/ec08f54a-0f1a-4c39-a964-cc5f288924e4/resourceGroups/rg-uksouth-chaos-demo-01/providers/Microsoft.KeyVault/vaults/keyvault4af162be5a/objectId/83334d8f-4c13-4551-ba0f-b601b4f54e82]
azurerm_windows_virtual_machine_scale_set.uks-vmssa[0]: Still modifying... [id=/subscriptions/ec08f54a-0f1a-4c39-a964-....Compute/virtualMachineScaleSets/uks-0, 20s elapsed]
azurerm_windows_virtual_machine.uks-vmsb[0]: Still modifying... [id=/subscriptions/ec08f54a-0f1a-4c39-a964-...oft.Compute/virtualMachines/vm-uks-b-0, 20s elapsed]
azurerm_chaos_studio_target.uks_vmsa_ab: Still creating... [10s elapsed]
azurerm_windows_virtual_machine.uks-vmsb[0]: Still modifying... [id=/subscriptions/ec08f54a-0f1a-4c39-a964-...oft.Compute/virtualMachines/vm-uks-b-0, 30s elapsed]
azurerm_windows_virtual_machine_scale_set.uks-vmssa[0]: Still modifying... [id=/subscriptions/ec08f54a-0f1a-4c39-a964-....Compute/virtualMachineScaleSets/uks-0, 30s elapsed]
azurerm_chaos_studio_target.uks_vmsa_ab: Still creating... [20s elapsed]
azurerm_windows_virtual_machine_scale_set.uks-vmssa[0]: Still modifying... [id=/subscriptions/ec08f54a-0f1a-4c39-a964-....Compute/virtualMachineScaleSets/uks-0, 40s elapsed]
azurerm_windows_virtual_machine.uks-vmsb[0]: Still modifying... [id=/subscriptions/ec08f54a-0f1a-4c39-a964-...oft.Compute/virtualMachines/vm-uks-b-0, 40s elapsed]
azurerm_chaos_studio_target.uks_vmsa_ab: Still creating... [30s elapsed]
azurerm_windows_virtual_machine.uks-vmsb[0]: Modifications complete after 43s [id=/subscriptions/ec08f54a-0f1a-4c39-a964-cc5f288924e4/resourceGroups/rg-uksouth-chaos-demo-01/providers/Microsoft.Compute/virtualMachines/vm-uks-b-0]
azurerm_key_vault_access_policy.kv1_vmsb_access: Creating...
azurerm_key_vault_access_policy.kv1_vmsb_access: Creation complete after 5s [id=/subscriptions/ec08f54a-0f1a-4c39-a964-cc5f288924e4/resourceGroups/rg-uksouth-chaos-demo-01/providers/Microsoft.KeyVault/vaults/keyvault4af162be5a/objectId/d9e2c0fa-efbc-4d56-b3c3-0a749e0a6120]
azurerm_windows_virtual_machine_scale_set.uks-vmssa[0]: Still modifying... [id=/subscriptions/ec08f54a-0f1a-4c39-a964-....Compute/virtualMachineScaleSets/uks-0, 50s elapsed]
azurerm_chaos_studio_target.uks_vmsa_ab: Still creating... [40s elapsed]
azurerm_windows_virtual_machine_scale_set.uks-vmssa[0]: Still modifying... [id=/subscriptions/ec08f54a-0f1a-4c39-a964-....Compute/virtualMachineScaleSets/uks-0, 1m0s elapsed]
azurerm_chaos_studio_target.uks_vmsa_ab: Still creating... [50s elapsed]
azurerm_windows_virtual_machine_scale_set.uks-vmssa[0]: Modifications complete after 1m2s [id=/subscriptions/ec08f54a-0f1a-4c39-a964-cc5f288924e4/resourceGroups/rg-uksouth-chaos-demo-01/providers/Microsoft.Compute/virtualMachineScaleSets/uks-0]
azurerm_chaos_studio_target.uks_vmsa_ab: Still creating... [1m0s elapsed]
azurerm_chaos_studio_target.uks_vmsa_ab: Still creating... [1m10s elapsed]
azurerm_chaos_studio_target.uks_vmsa_ab: Still creating... [1m20s elapsed]
azurerm_chaos_studio_target.uks_vmsa_ab: Still creating... [1m30s elapsed]
azurerm_chaos_studio_target.uks_vmsa_ab: Still creating... [1m40s elapsed]
azurerm_chaos_studio_target.uks_vmsa_ab: Still creating... [1m50s elapsed]
azurerm_chaos_studio_target.uks_vmsa_ab: Still creating... [2m0s elapsed]
azurerm_chaos_studio_target.uks_vmsa_ab: Still creating... [2m10s elapsed]
azurerm_chaos_studio_target.uks_vmsa_ab: Still creating... [2m20s elapsed]
azurerm_chaos_studio_target.uks_vmsa_ab: Still creating... [2m30s elapsed]
azurerm_chaos_studio_target.uks_vmsa_ab: Still creating... [2m40s elapsed]
azurerm_chaos_studio_target.uks_vmsa_ab: Still creating... [2m50s elapsed]
azurerm_chaos_studio_target.uks_vmsa_ab: Still creating... [3m0s elapsed]
azurerm_chaos_studio_target.uks_vmsa_ab: Still creating... [3m10s elapsed]
azurerm_chaos_studio_target.uks_vmsa_ab: Still creating... [3m20s elapsed]
azurerm_chaos_studio_target.uks_vmsa_ab: Still creating... [3m30s elapsed]
azurerm_chaos_studio_target.uks_vmsa_ab: Still creating... [3m40s elapsed]
azurerm_chaos_studio_target.uks_vmsa_ab: Still creating... [3m50s elapsed]
azurerm_chaos_studio_target.uks_vmsa_ab: Still creating... [4m0s elapsed]
azurerm_chaos_studio_target.uks_vmsa_ab: Still creating... [4m10s elapsed]
azurerm_chaos_studio_target.uks_vmsa_ab: Still creating... [4m20s elapsed]
azurerm_chaos_studio_target.uks_vmsa_ab: Still creating... [4m30s elapsed]
azurerm_chaos_studio_target.uks_vmsa_ab: Still creating... [4m40s elapsed]
azurerm_chaos_studio_target.uks_vmsa_ab: Still creating... [4m50s elapsed]
azurerm_chaos_studio_target.uks_vmsa_ab: Still creating... [5m0s elapsed]
azurerm_chaos_studio_target.uks_vmsa_ab: Still creating... [5m10s elapsed]
azurerm_chaos_studio_target.uks_vmsa_ab: Still creating... [5m20s elapsed]
azurerm_chaos_studio_target.uks_vmsa_ab: Still creating... [5m30s elapsed]
azurerm_chaos_studio_target.uks_vmsa_ab: Still creating... [5m40s elapsed]
azurerm_chaos_studio_target.uks_vmsa_ab: Still creating... [5m50s elapsed]
azurerm_chaos_studio_target.uks_vmsa_ab: Still creating... [6m0s elapsed]
azurerm_chaos_studio_target.uks_vmsa_ab: Still creating... [6m10s elapsed]
azurerm_chaos_studio_target.uks_vmsa_ab: Still creating... [6m20s elapsed]
azurerm_chaos_studio_target.uks_vmsa_ab: Still creating... [6m30s elapsed]
azurerm_chaos_studio_target.uks_vmsa_ab: Still creating... [6m40s elapsed]
azurerm_chaos_studio_target.uks_vmsa_ab: Still creating... [6m50s elapsed]
azurerm_chaos_studio_target.uks_vmsa_ab: Still creating... [7m0s elapsed]
azurerm_chaos_studio_target.uks_vmsa_ab: Still creating... [7m10s elapsed]
azurerm_chaos_studio_target.uks_vmsa_ab: Still creating... [7m20s elapsed]
azurerm_chaos_studio_target.uks_vmsa_ab: Still creating... [7m30s elapsed]
azurerm_chaos_studio_target.uks_vmsa_ab: Still creating... [7m40s elapsed]
azurerm_chaos_studio_target.uks_vmsa_ab: Still creating... [7m50s elapsed]
azurerm_chaos_studio_target.uks_vmsa_ab: Still creating... [8m0s elapsed]
azurerm_chaos_studio_target.uks_vmsa_ab: Still creating... [8m10s elapsed]
azurerm_chaos_studio_target.uks_vmsa_ab: Still creating... [8m20s elapsed]
azurerm_chaos_studio_target.uks_vmsa_ab: Still creating... [8m30s elapsed]
azurerm_chaos_studio_target.uks_vmsa_ab: Still creating... [8m40s elapsed]
azurerm_chaos_studio_target.uks_vmsa_ab: Still creating... [8m50s elapsed]
azurerm_chaos_studio_target.uks_vmsa_ab: Still creating... [9m0s elapsed]
azurerm_chaos_studio_target.uks_vmsa_ab: Still creating... [9m10s elapsed]
azurerm_chaos_studio_target.uks_vmsa_ab: Still creating... [9m20s elapsed]
azurerm_chaos_studio_target.uks_vmsa_ab: Still creating... [9m30s elapsed]
azurerm_chaos_studio_target.uks_vmsa_ab: Still creating... [9m40s elapsed]
azurerm_chaos_studio_target.uks_vmsa_ab: Still creating... [9m50s elapsed]
azurerm_chaos_studio_target.uks_vmsa_ab: Still creating... [10m0s elapsed]
azurerm_chaos_studio_target.uks_vmsa_ab: Still creating... [10m10s elapsed]
azurerm_chaos_studio_target.uks_vmsa_ab: Still creating... [10m20s elapsed]
azurerm_chaos_studio_target.uks_vmsa_ab: Still creating... [10m30s elapsed]
azurerm_chaos_studio_target.uks_vmsa_ab: Still creating... [10m40s elapsed]
azurerm_chaos_studio_target.uks_vmsa_ab: Still creating... [10m50s elapsed]
azurerm_chaos_studio_target.uks_vmsa_ab: Still creating... [11m0s elapsed]
azurerm_chaos_studio_target.uks_vmsa_ab: Still creating... [11m10s elapsed]
azurerm_chaos_studio_target.uks_vmsa_ab: Still creating... [11m20s elapsed]
azurerm_chaos_studio_target.uks_vmsa_ab: Still creating... [11m30s elapsed]
azurerm_chaos_studio_target.uks_vmsa_ab: Still creating... [11m40s elapsed]
azurerm_chaos_studio_target.uks_vmsa_ab: Still creating... [11m50s elapsed]
azurerm_chaos_studio_target.uks_vmsa_ab: Still creating... [12m0s elapsed]
azurerm_chaos_studio_target.uks_vmsa_ab: Still creating... [12m10s elapsed]
azurerm_chaos_studio_target.uks_vmsa_ab: Still creating... [12m20s elapsed]
azurerm_chaos_studio_target.uks_vmsa_ab: Still creating... [12m30s elapsed]
azurerm_chaos_studio_target.uks_vmsa_ab: Still creating... [12m40s elapsed]
azurerm_chaos_studio_target.uks_vmsa_ab: Still creating... [12m50s elapsed]
azurerm_chaos_studio_target.uks_vmsa_ab: Still creating... [13m0s elapsed]
azurerm_chaos_studio_target.uks_vmsa_ab: Still creating... [13m10s elapsed]
azurerm_chaos_studio_target.uks_vmsa_ab: Still creating... [13m20s elapsed]
azurerm_chaos_studio_target.uks_vmsa_ab: Still creating... [13m30s elapsed]
azurerm_chaos_studio_target.uks_vmsa_ab: Still creating... [13m40s elapsed]
azurerm_chaos_studio_target.uks_vmsa_ab: Still creating... [13m50s elapsed]
azurerm_chaos_studio_target.uks_vmsa_ab: Still creating... [14m0s elapsed]
azurerm_chaos_studio_target.uks_vmsa_ab: Still creating... [14m10s elapsed]
azurerm_chaos_studio_target.uks_vmsa_ab: Still creating... [14m20s elapsed]
azurerm_chaos_studio_target.uks_vmsa_ab: Still creating... [14m30s elapsed]
azurerm_chaos_studio_target.uks_vmsa_ab: Still creating... [14m40s elapsed]
azurerm_chaos_studio_target.uks_vmsa_ab: Still creating... [14m50s elapsed]
azurerm_chaos_studio_target.uks_vmsa_ab: Still creating... [15m0s elapsed]
azurerm_chaos_studio_target.uks_vmsa_ab: Still creating... [15m10s elapsed]
azurerm_chaos_studio_target.uks_vmsa_ab: Still creating... [15m20s elapsed]
azurerm_chaos_studio_target.uks_vmsa_ab: Still creating... [15m30s elapsed]
azurerm_chaos_studio_target.uks_vmsa_ab: Still creating... [15m40s elapsed]
azurerm_chaos_studio_target.uks_vmsa_ab: Still creating... [15m50s elapsed]
azurerm_chaos_studio_target.uks_vmsa_ab: Still creating... [16m0s elapsed]
azurerm_chaos_studio_target.uks_vmsa_ab: Still creating... [16m10s elapsed]
azurerm_chaos_studio_target.uks_vmsa_ab: Still creating... [16m20s elapsed]
azurerm_chaos_studio_target.uks_vmsa_ab: Still creating... [16m30s elapsed]
azurerm_chaos_studio_target.uks_vmsa_ab: Still creating... [16m41s elapsed]
azurerm_chaos_studio_target.uks_vmsa_ab: Still creating... [16m51s elapsed]
azurerm_chaos_studio_target.uks_vmsa_ab: Still creating... [17m1s elapsed]
azurerm_chaos_studio_target.uks_vmsa_ab: Still creating... [17m11s elapsed]
azurerm_chaos_studio_target.uks_vmsa_ab: Still creating... [17m21s elapsed]
azurerm_chaos_studio_target.uks_vmsa_ab: Still creating... [17m31s elapsed]
azurerm_chaos_studio_target.uks_vmsa_ab: Still creating... [17m41s elapsed]
azurerm_chaos_studio_target.uks_vmsa_ab: Still creating... [17m51s elapsed]
azurerm_chaos_studio_target.uks_vmsa_ab: Still creating... [18m1s elapsed]
azurerm_chaos_studio_target.uks_vmsa_ab: Still creating... [18m11s elapsed]
azurerm_chaos_studio_target.uks_vmsa_ab: Still creating... [18m21s elapsed]
azurerm_chaos_studio_target.uks_vmsa_ab: Still creating... [18m31s elapsed]
azurerm_chaos_studio_target.uks_vmsa_ab: Still creating... [18m41s elapsed]
azurerm_chaos_studio_target.uks_vmsa_ab: Still creating... [18m51s elapsed]
azurerm_chaos_studio_target.uks_vmsa_ab: Still creating... [19m1s elapsed]
azurerm_chaos_studio_target.uks_vmsa_ab: Still creating... [19m11s elapsed]
azurerm_chaos_studio_target.uks_vmsa_ab: Still creating... [19m21s elapsed]
azurerm_chaos_studio_target.uks_vmsa_ab: Still creating... [19m31s elapsed]
azurerm_chaos_studio_target.uks_vmsa_ab: Still creating... [19m41s elapsed]
azurerm_chaos_studio_target.uks_vmsa_ab: Still creating... [19m51s elapsed]
azurerm_chaos_studio_target.uks_vmsa_ab: Still creating... [20m1s elapsed]
azurerm_chaos_studio_target.uks_vmsa_ab: Still creating... [20m11s elapsed]
azurerm_chaos_studio_target.uks_vmsa_ab: Still creating... [20m21s elapsed]
azurerm_chaos_studio_target.uks_vmsa_ab: Still creating... [20m31s elapsed]
azurerm_chaos_studio_target.uks_vmsa_ab: Still creating... [20m41s elapsed]
azurerm_chaos_studio_target.uks_vmsa_ab: Still creating... [20m51s elapsed]
azurerm_chaos_studio_target.uks_vmsa_ab: Still creating... [21m1s elapsed]
azurerm_chaos_studio_target.uks_vmsa_ab: Still creating... [21m11s elapsed]
azurerm_chaos_studio_target.uks_vmsa_ab: Still creating... [21m21s elapsed]
azurerm_chaos_studio_target.uks_vmsa_ab: Still creating... [21m31s elapsed]
azurerm_chaos_studio_target.uks_vmsa_ab: Still creating... [21m41s elapsed]
azurerm_chaos_studio_target.uks_vmsa_ab: Still creating... [21m51s elapsed]
azurerm_chaos_studio_target.uks_vmsa_ab: Still creating... [22m1s elapsed]
azurerm_chaos_studio_target.uks_vmsa_ab: Still creating... [22m11s elapsed]
azurerm_chaos_studio_target.uks_vmsa_ab: Still creating... [22m21s elapsed]
azurerm_chaos_studio_target.uks_vmsa_ab: Still creating... [22m31s elapsed]
azurerm_chaos_studio_target.uks_vmsa_ab: Still creating... [22m41s elapsed]
azurerm_chaos_studio_target.uks_vmsa_ab: Still creating... [22m51s elapsed]
azurerm_chaos_studio_target.uks_vmsa_ab: Still creating... [23m1s elapsed]
azurerm_chaos_studio_target.uks_vmsa_ab: Still creating... [23m11s elapsed]
azurerm_chaos_studio_target.uks_vmsa_ab: Still creating... [23m21s elapsed]
azurerm_chaos_studio_target.uks_vmsa_ab: Still creating... [23m31s elapsed]
azurerm_chaos_studio_target.uks_vmsa_ab: Still creating... [23m41s elapsed]
azurerm_chaos_studio_target.uks_vmsa_ab: Still creating... [23m51s elapsed]
azurerm_chaos_studio_target.uks_vmsa_ab: Still creating... [24m1s elapsed]
azurerm_chaos_studio_target.uks_vmsa_ab: Still creating... [24m11s elapsed]
azurerm_chaos_studio_target.uks_vmsa_ab: Still creating... [24m21s elapsed]
azurerm_chaos_studio_target.uks_vmsa_ab: Still creating... [24m31s elapsed]
azurerm_chaos_studio_target.uks_vmsa_ab: Still creating... [24m41s elapsed]
azurerm_chaos_studio_target.uks_vmsa_ab: Still creating... [24m51s elapsed]
azurerm_chaos_studio_target.uks_vmsa_ab: Still creating... [25m1s elapsed]
azurerm_chaos_studio_target.uks_vmsa_ab: Still creating... [25m11s elapsed]
azurerm_chaos_studio_target.uks_vmsa_ab: Still creating... [25m21s elapsed]
azurerm_chaos_studio_target.uks_vmsa_ab: Still creating... [25m31s elapsed]
azurerm_chaos_studio_target.uks_vmsa_ab: Still creating... [25m41s elapsed]
azurerm_chaos_studio_target.uks_vmsa_ab: Still creating... [25m51s elapsed]
azurerm_chaos_studio_target.uks_vmsa_ab: Still creating... [26m1s elapsed]
azurerm_chaos_studio_target.uks_vmsa_ab: Still creating... [26m11s elapsed]
azurerm_chaos_studio_target.uks_vmsa_ab: Still creating... [26m21s elapsed]
azurerm_chaos_studio_target.uks_vmsa_ab: Still creating... [26m31s elapsed]
azurerm_chaos_studio_target.uks_vmsa_ab: Still creating... [26m41s elapsed]
azurerm_chaos_studio_target.uks_vmsa_ab: Still creating... [26m51s elapsed]
azurerm_chaos_studio_target.uks_vmsa_ab: Still creating... [27m1s elapsed]
azurerm_chaos_studio_target.uks_vmsa_ab: Still creating... [27m11s elapsed]
azurerm_chaos_studio_target.uks_vmsa_ab: Still creating... [27m21s elapsed]
azurerm_chaos_studio_target.uks_vmsa_ab: Still creating... [27m31s elapsed]
azurerm_chaos_studio_target.uks_vmsa_ab: Still creating... [27m41s elapsed]
azurerm_chaos_studio_target.uks_vmsa_ab: Still creating... [27m51s elapsed]
azurerm_chaos_studio_target.uks_vmsa_ab: Still creating... [28m1s elapsed]
azurerm_chaos_studio_target.uks_vmsa_ab: Still creating... [28m11s elapsed]
azurerm_chaos_studio_target.uks_vmsa_ab: Still creating... [28m21s elapsed]
azurerm_chaos_studio_target.uks_vmsa_ab: Still creating... [28m31s elapsed]
azurerm_chaos_studio_target.uks_vmsa_ab: Still creating... [28m41s elapsed]
azurerm_chaos_studio_target.uks_vmsa_ab: Still creating... [28m51s elapsed]
azurerm_chaos_studio_target.uks_vmsa_ab: Still creating... [29m1s elapsed]
azurerm_chaos_studio_target.uks_vmsa_ab: Still creating... [29m11s elapsed]
azurerm_chaos_studio_target.uks_vmsa_ab: Still creating... [29m21s elapsed]
azurerm_chaos_studio_target.uks_vmsa_ab: Still creating... [29m31s elapsed]
azurerm_chaos_studio_target.uks_vmsa_ab: Still creating... [29m41s elapsed]
azurerm_chaos_studio_target.uks_vmsa_ab: Still creating... [29m51s elapsed]

Warning: Argument is deprecated

  with azuread_service_principal.cs_sp,
  on main.tf line 1334, in resource "azuread_service_principal" "cs_sp":
1334:   application_id = azuread_application.cs_app.application_id

The `application_id` property has been replaced with the `client_id` property and will be removed in version 3.0 of the AzureAD provider

Warning: Deprecated attribute

  on main.tf line 1334, in resource "azuread_service_principal" "cs_sp":
1334:   application_id = azuread_application.cs_app.application_id

The attribute "application_id" is deprecated. Refer to the provider documentation for details.

(and 6 more similar warnings elsewhere)
