random_id.dns-name: Refreshing state... [id=yAN1tg]
random_id.kvname: Refreshing state... [id=tCKz6n0]
random_password.vmpassword: Refreshing state... [id=none]
azurerm_subnet_network_security_group_association.ukw-hub: Refreshing state... [id=/subscriptions/ec08f54a-0f1a-4c39-a964-cc5f288924e4/resourceGroups/rg-ukwest-chaos-demo-01/providers/Microsoft.Network/virtualNetworks/vnet-ukwest-hub-01/subnets/snet-ukwest-vnet-hub-01]
azurerm_subnet.ukw-hub1-subnetfw: Refreshing state... [id=/subscriptions/ec08f54a-0f1a-4c39-a964-cc5f288924e4/resourceGroups/rg-ukwest-chaos-demo-01/providers/Microsoft.Network/virtualNetworks/vnet-ukwest-hub-01/subnets/AzureFirewallSubnet]
azurerm_firewall_nat_rule_collection.ukw-nat: Refreshing state... [id=/subscriptions/ec08f54a-0f1a-4c39-a964-cc5f288924e4/resourceGroups/rg-ukwest-chaos-demo-01/providers/Microsoft.Network/azureFirewalls/fw-ukwest-01/natRuleCollections/ukwest-nat1]
azurerm_traffic_manager_azure_endpoint.ukw-tme1: Refreshing state... [id=/subscriptions/ec08f54a-0f1a-4c39-a964-cc5f288924e4/resourceGroups/rg-uksouth-chaos-demo-01/providers/Microsoft.Network/trafficManagerProfiles/tm-chaos-demo/AzureEndpoints/ukwest-endpoint]
azurerm_availability_set.ukw-asb: Refreshing state... [id=/subscriptions/ec08f54a-0f1a-4c39-a964-cc5f288924e4/resourceGroups/rg-ukwest-chaos-demo-01/providers/Microsoft.Compute/availabilitySets/as-ukwest-b]
azurerm_public_ip.ukw-fwmanpip: Refreshing state... [id=/subscriptions/ec08f54a-0f1a-4c39-a964-cc5f288924e4/resourceGroups/rg-ukwest-chaos-demo-01/providers/Microsoft.Network/publicIPAddresses/pip-fwman-ukwest-01]
azurerm_firewall_network_rule_collection.ukw-outbound: Refreshing state... [id=/subscriptions/ec08f54a-0f1a-4c39-a964-cc5f288924e4/resourceGroups/rg-ukwest-chaos-demo-01/providers/Microsoft.Network/azureFirewalls/fw-ukwest-01/networkRuleCollections/ukwest-outbound]
azurerm_network_interface.ukw-anics[0]: Refreshing state... [id=/subscriptions/ec08f54a-0f1a-4c39-a964-cc5f288924e4/resourceGroups/rg-ukwest-chaos-demo-01/providers/Microsoft.Network/networkInterfaces/nic-ukwest-a-0]
azurerm_windows_virtual_machine.ukw-bvms[0]: Refreshing state... [id=/subscriptions/ec08f54a-0f1a-4c39-a964-cc5f288924e4/resourceGroups/rg-ukwest-chaos-demo-01/providers/Microsoft.Compute/virtualMachines/vm-ukw-b-0]
azurerm_windows_virtual_machine.ukw-avms[0]: Refreshing state... [id=/subscriptions/ec08f54a-0f1a-4c39-a964-cc5f288924e4/resourceGroups/rg-ukwest-chaos-demo-01/providers/Microsoft.Compute/virtualMachines/vm-ukw-a-0]
azurerm_firewall.ukw-fw1: Refreshing state... [id=/subscriptions/ec08f54a-0f1a-4c39-a964-cc5f288924e4/resourceGroups/rg-ukwest-chaos-demo-01/providers/Microsoft.Network/azureFirewalls/fw-ukwest-01]
azurerm_public_ip.ukw-fwpip: Refreshing state... [id=/subscriptions/ec08f54a-0f1a-4c39-a964-cc5f288924e4/resourceGroups/rg-ukwest-chaos-demo-01/providers/Microsoft.Network/publicIPAddresses/pip-fw-ukwest-01]
azurerm_lb_rule.ukw-rule: Refreshing state... [id=/subscriptions/ec08f54a-0f1a-4c39-a964-cc5f288924e4/resourceGroups/rg-ukwest-chaos-demo-01/providers/Microsoft.Network/loadBalancers/lb-int-ukwest/loadBalancingRules/LBRule]
azurerm_lb.ukw-lb: Refreshing state... [id=/subscriptions/ec08f54a-0f1a-4c39-a964-cc5f288924e4/resourceGroups/rg-ukwest-chaos-demo-01/providers/Microsoft.Network/loadBalancers/lb-int-ukwest]
azurerm_subnet_route_table_association.ukw: Refreshing state... [id=/subscriptions/ec08f54a-0f1a-4c39-a964-cc5f288924e4/resourceGroups/rg-ukwest-chaos-demo-01/providers/Microsoft.Network/virtualNetworks/vnet-ukwest-hub-01/subnets/snet-ukwest-vnet-hub-01]
azurerm_virtual_network.ukw-hub1: Refreshing state... [id=/subscriptions/ec08f54a-0f1a-4c39-a964-cc5f288924e4/resourceGroups/rg-ukwest-chaos-demo-01/providers/Microsoft.Network/virtualNetworks/vnet-ukwest-hub-01]
azurerm_lb_probe.ukw-probe: Refreshing state... [id=/subscriptions/ec08f54a-0f1a-4c39-a964-cc5f288924e4/resourceGroups/rg-ukwest-chaos-demo-01/providers/Microsoft.Network/loadBalancers/lb-int-ukwest/probes/http-probe]
azurerm_route_table.ukw-rt1: Refreshing state... [id=/subscriptions/ec08f54a-0f1a-4c39-a964-cc5f288924e4/resourceGroups/rg-ukwest-chaos-demo-01/providers/Microsoft.Network/routeTables/rtbl-ukwest-01]
azurerm_virtual_network_peering.hub1-to-hub2: Refreshing state... [id=/subscriptions/ec08f54a-0f1a-4c39-a964-cc5f288924e4/resourceGroups/rg-uksouth-chaos-demo-01/providers/Microsoft.Network/virtualNetworks/vnet-uksouth-hub-01/virtualNetworkPeerings/uksouth-hub-to-ukwest-hub]
azurerm_subnet.ukw-hub1-subnetlb: Refreshing state... [id=/subscriptions/ec08f54a-0f1a-4c39-a964-cc5f288924e4/resourceGroups/rg-ukwest-chaos-demo-01/providers/Microsoft.Network/virtualNetworks/vnet-ukwest-hub-01/subnets/snetlb-ukwest-vnet-hub-01]
azurerm_subnet.ukw-hub1-subnet: Refreshing state... [id=/subscriptions/ec08f54a-0f1a-4c39-a964-cc5f288924e4/resourceGroups/rg-ukwest-chaos-demo-01/providers/Microsoft.Network/virtualNetworks/vnet-ukwest-hub-01/subnets/snet-ukwest-vnet-hub-01]
azurerm_availability_set.ukw-asa: Refreshing state... [id=/subscriptions/ec08f54a-0f1a-4c39-a964-cc5f288924e4/resourceGroups/rg-ukwest-chaos-demo-01/providers/Microsoft.Compute/availabilitySets/as-ukwest-a]
azurerm_resource_group.ukw: Refreshing state... [id=/subscriptions/ec08f54a-0f1a-4c39-a964-cc5f288924e4/resourceGroups/rg-ukwest-chaos-demo-01]
azurerm_virtual_network_peering.hub2-to-hub1: Refreshing state... [id=/subscriptions/ec08f54a-0f1a-4c39-a964-cc5f288924e4/resourceGroups/rg-ukwest-chaos-demo-01/providers/Microsoft.Network/virtualNetworks/vnet-ukwest-hub-01/virtualNetworkPeerings/ukwest-hub-to-uksouth-hub]
azurerm_network_interface_backend_address_pool_association.ukw-a[0]: Refreshing state... [id=/subscriptions/ec08f54a-0f1a-4c39-a964-cc5f288924e4/resourceGroups/rg-ukwest-chaos-demo-01/providers/Microsoft.Network/networkInterfaces/nic-ukwest-a-0/ipConfigurations/ukwest-nic-a-0-ipconfig|/subscriptions/ec08f54a-0f1a-4c39-a964-cc5f288924e4/resourceGroups/rg-ukwest-chaos-demo-01/providers/Microsoft.Network/loadBalancers/lb-int-ukwest/backendAddressPools/BackEndAddressPool]
azurerm_network_security_group.ukw-nsg1: Refreshing state... [id=/subscriptions/ec08f54a-0f1a-4c39-a964-cc5f288924e4/resourceGroups/rg-ukwest-chaos-demo-01/providers/Microsoft.Network/networkSecurityGroups/nsg-snet-ukwest-vnet-hub-01]
azurerm_network_interface.ukw-bnics[0]: Refreshing state... [id=/subscriptions/ec08f54a-0f1a-4c39-a964-cc5f288924e4/resourceGroups/rg-ukwest-chaos-demo-01/providers/Microsoft.Network/networkInterfaces/nic-ukwest-b-0]
azurerm_subnet.ukw-hub1-subnetfwman: Refreshing state... [id=/subscriptions/ec08f54a-0f1a-4c39-a964-cc5f288924e4/resourceGroups/rg-ukwest-chaos-demo-01/providers/Microsoft.Network/virtualNetworks/vnet-ukwest-hub-01/subnets/AzureFirewallManagementSubnet]
azurerm_lb_backend_address_pool.ukw-pool: Refreshing state... [id=/subscriptions/ec08f54a-0f1a-4c39-a964-cc5f288924e4/resourceGroups/rg-ukwest-chaos-demo-01/providers/Microsoft.Network/loadBalancers/lb-int-ukwest/backendAddressPools/BackEndAddressPool]
azurerm_network_interface_backend_address_pool_association.ukw-b[0]: Refreshing state... [id=/subscriptions/ec08f54a-0f1a-4c39-a964-cc5f288924e4/resourceGroups/rg-ukwest-chaos-demo-01/providers/Microsoft.Network/networkInterfaces/nic-ukwest-b-0/ipConfigurations/ukwest-nic-b-0-ipconfig|/subscriptions/ec08f54a-0f1a-4c39-a964-cc5f288924e4/resourceGroups/rg-ukwest-chaos-demo-01/providers/Microsoft.Network/loadBalancers/lb-int-ukwest/backendAddressPools/BackEndAddressPool]
azurerm_resource_group.uks: Refreshing state... [id=/subscriptions/ec08f54a-0f1a-4c39-a964-cc5f288924e4/resourceGroups/rg-uksouth-chaos-demo-01]
data.azurerm_client_config.current: Reading...
data.azurerm_client_config.current: Read complete after 0s [id=Y2xpZW50Q29uZmlncy9jbGllbnRJZD0wNGIwNzc5NS04ZGRiLTQ2MWEtYmJlZS0wMmY5ZTFiZjdiNDY7b2JqZWN0SWQ9OTlkNmExNjEtNDIyOC00MmMyLTgxMzYtMGY3NTllMDU2ZDFmO3N1YnNjcmlwdGlvbklkPWVjMDhmNTRhLTBmMWEtNGMzOS1hOTY0LWNjNWYyODg5MjRlNDt0ZW5hbnRJZD02OGEzYmU0OC1jNTVlLTQxNGMtYjJiZi01Y2M0ZDJkODFkNzQ=]
azurerm_public_ip.uks-fwpip: Refreshing state... [id=/subscriptions/ec08f54a-0f1a-4c39-a964-cc5f288924e4/resourceGroups/rg-uksouth-chaos-demo-01/providers/Microsoft.Network/publicIPAddresses/pip-fw-uksouth-01]
azurerm_service_plan.uks-asp: Refreshing state... [id=/subscriptions/ec08f54a-0f1a-4c39-a964-cc5f288924e4/resourceGroups/rg-uksouth-chaos-demo-01/providers/Microsoft.Web/serverFarms/uksouth-asp-01]
azurerm_network_security_group.uks-nsg1: Refreshing state... [id=/subscriptions/ec08f54a-0f1a-4c39-a964-cc5f288924e4/resourceGroups/rg-uksouth-chaos-demo-01/providers/Microsoft.Network/networkSecurityGroups/nsg-snet-uksouth-vnet-hub-01]
azurerm_public_ip.uks-fwmanpip: Refreshing state... [id=/subscriptions/ec08f54a-0f1a-4c39-a964-cc5f288924e4/resourceGroups/rg-uksouth-chaos-demo-01/providers/Microsoft.Network/publicIPAddresses/pip-fwman-uksouth-01]
azurerm_traffic_manager_profile.tm1: Refreshing state... [id=/subscriptions/ec08f54a-0f1a-4c39-a964-cc5f288924e4/resourceGroups/rg-uksouth-chaos-demo-01/providers/Microsoft.Network/trafficManagerProfiles/tm-chaos-demo]
azurerm_availability_set.uks-asa: Refreshing state... [id=/subscriptions/ec08f54a-0f1a-4c39-a964-cc5f288924e4/resourceGroups/rg-uksouth-chaos-demo-01/providers/Microsoft.Compute/availabilitySets/as-uksouth-a]
azurerm_virtual_network.uks-hub1: Refreshing state... [id=/subscriptions/ec08f54a-0f1a-4c39-a964-cc5f288924e4/resourceGroups/rg-uksouth-chaos-demo-01/providers/Microsoft.Network/virtualNetworks/vnet-uksouth-hub-01]
azurerm_storage_account.uks-sa1: Refreshing state... [id=/subscriptions/ec08f54a-0f1a-4c39-a964-cc5f288924e4/resourceGroups/rg-uksouth-chaos-demo-01/providers/Microsoft.Storage/storageAccounts/uksouthsa01]
azurerm_availability_set.uks-asb: Refreshing state... [id=/subscriptions/ec08f54a-0f1a-4c39-a964-cc5f288924e4/resourceGroups/rg-uksouth-chaos-demo-01/providers/Microsoft.Compute/availabilitySets/as-uksouth-b]
azurerm_linux_function_app.uks-fa: Refreshing state... [id=/subscriptions/ec08f54a-0f1a-4c39-a964-cc5f288924e4/resourceGroups/rg-uksouth-chaos-demo-01/providers/Microsoft.Web/sites/uksouth-fa01]
azurerm_subnet.uks-hub1-subnetfwman: Refreshing state... [id=/subscriptions/ec08f54a-0f1a-4c39-a964-cc5f288924e4/resourceGroups/rg-uksouth-chaos-demo-01/providers/Microsoft.Network/virtualNetworks/vnet-uksouth-hub-01/subnets/AzureFirewallManagementSubnet]
azurerm_subnet.uks-hub1-subnetlb: Refreshing state... [id=/subscriptions/ec08f54a-0f1a-4c39-a964-cc5f288924e4/resourceGroups/rg-uksouth-chaos-demo-01/providers/Microsoft.Network/virtualNetworks/vnet-uksouth-hub-01/subnets/snetlb-uksouth-vnet-hub-01]
azurerm_subnet.uks-hub1-subnetfw: Refreshing state... [id=/subscriptions/ec08f54a-0f1a-4c39-a964-cc5f288924e4/resourceGroups/rg-uksouth-chaos-demo-01/providers/Microsoft.Network/virtualNetworks/vnet-uksouth-hub-01/subnets/AzureFirewallSubnet]
azurerm_subnet.uks-hub1-subnet: Refreshing state... [id=/subscriptions/ec08f54a-0f1a-4c39-a964-cc5f288924e4/resourceGroups/rg-uksouth-chaos-demo-01/providers/Microsoft.Network/virtualNetworks/vnet-uksouth-hub-01/subnets/snethost-uksouth-vnet-hub-01]
azurerm_traffic_manager_azure_endpoint.uks-tme1: Refreshing state... [id=/subscriptions/ec08f54a-0f1a-4c39-a964-cc5f288924e4/resourceGroups/rg-uksouth-chaos-demo-01/providers/Microsoft.Network/trafficManagerProfiles/tm-chaos-demo/AzureEndpoints/uksouth-endpoint]
azurerm_lb.uks-lb: Refreshing state... [id=/subscriptions/ec08f54a-0f1a-4c39-a964-cc5f288924e4/resourceGroups/rg-uksouth-chaos-demo-01/providers/Microsoft.Network/loadBalancers/lb-int-uksouth]
azurerm_firewall.uks-fw1: Refreshing state... [id=/subscriptions/ec08f54a-0f1a-4c39-a964-cc5f288924e4/resourceGroups/rg-uksouth-chaos-demo-01/providers/Microsoft.Network/azureFirewalls/fw-uksouth-01]
azurerm_subnet_network_security_group_association.uks-hub: Refreshing state... [id=/subscriptions/ec08f54a-0f1a-4c39-a964-cc5f288924e4/resourceGroups/rg-uksouth-chaos-demo-01/providers/Microsoft.Network/virtualNetworks/vnet-uksouth-hub-01/subnets/snethost-uksouth-vnet-hub-01]
azurerm_network_interface.uks-anics[0]: Refreshing state... [id=/subscriptions/ec08f54a-0f1a-4c39-a964-cc5f288924e4/resourceGroups/rg-uksouth-chaos-demo-01/providers/Microsoft.Network/networkInterfaces/nic-uksouth-a-0]
azurerm_network_interface.uks-bnics[0]: Refreshing state... [id=/subscriptions/ec08f54a-0f1a-4c39-a964-cc5f288924e4/resourceGroups/rg-uksouth-chaos-demo-01/providers/Microsoft.Network/networkInterfaces/nic-uksouth-b-0]
azurerm_key_vault.kv1: Refreshing state... [id=/subscriptions/ec08f54a-0f1a-4c39-a964-cc5f288924e4/resourceGroups/rg-uksouth-chaos-demo-01/providers/Microsoft.KeyVault/vaults/keyvaultb422b3ea7d]
azurerm_lb_backend_address_pool.uks-pool: Refreshing state... [id=/subscriptions/ec08f54a-0f1a-4c39-a964-cc5f288924e4/resourceGroups/rg-uksouth-chaos-demo-01/providers/Microsoft.Network/loadBalancers/lb-int-uksouth/backendAddressPools/BackEndAddressPool]
azurerm_lb_probe.uks-probe: Refreshing state... [id=/subscriptions/ec08f54a-0f1a-4c39-a964-cc5f288924e4/resourceGroups/rg-uksouth-chaos-demo-01/providers/Microsoft.Network/loadBalancers/lb-int-uksouth/probes/http-probe]
azurerm_firewall_nat_rule_collection.uks-nat: Refreshing state... [id=/subscriptions/ec08f54a-0f1a-4c39-a964-cc5f288924e4/resourceGroups/rg-uksouth-chaos-demo-01/providers/Microsoft.Network/azureFirewalls/fw-uksouth-01/natRuleCollections/uksouth-nat1]
azurerm_route_table.uks-rt1: Refreshing state... [id=/subscriptions/ec08f54a-0f1a-4c39-a964-cc5f288924e4/resourceGroups/rg-uksouth-chaos-demo-01/providers/Microsoft.Network/routeTables/rtbl-uksouth-01]
azurerm_firewall_network_rule_collection.uks-outbound: Refreshing state... [id=/subscriptions/ec08f54a-0f1a-4c39-a964-cc5f288924e4/resourceGroups/rg-uksouth-chaos-demo-01/providers/Microsoft.Network/azureFirewalls/fw-uksouth-01/networkRuleCollections/uksouth-outbound]
azurerm_key_vault_secret.vmpassword1: Refreshing state... [id=https://keyvaultb422b3ea7d.vault.azure.net/secrets/vmpassword1/3541ec7fe4b341199a27631e0f7a6c24]
azurerm_key_vault_secret.vmpassword2: Refreshing state... [id=https://keyvaultb422b3ea7d.vault.azure.net/secrets/vmpassword2/674fc25181104daa90bd3bc65d000616]
azurerm_subnet_route_table_association.uks: Refreshing state... [id=/subscriptions/ec08f54a-0f1a-4c39-a964-cc5f288924e4/resourceGroups/rg-uksouth-chaos-demo-01/providers/Microsoft.Network/virtualNetworks/vnet-uksouth-hub-01/subnets/snethost-uksouth-vnet-hub-01]
azurerm_network_interface_backend_address_pool_association.uks-b[0]: Refreshing state... [id=/subscriptions/ec08f54a-0f1a-4c39-a964-cc5f288924e4/resourceGroups/rg-uksouth-chaos-demo-01/providers/Microsoft.Network/networkInterfaces/nic-uksouth-b-0/ipConfigurations/uksouth-nic-b-0-ipconfig|/subscriptions/ec08f54a-0f1a-4c39-a964-cc5f288924e4/resourceGroups/rg-uksouth-chaos-demo-01/providers/Microsoft.Network/loadBalancers/lb-int-uksouth/backendAddressPools/BackEndAddressPool]
azurerm_network_interface_backend_address_pool_association.uks-a[0]: Refreshing state... [id=/subscriptions/ec08f54a-0f1a-4c39-a964-cc5f288924e4/resourceGroups/rg-uksouth-chaos-demo-01/providers/Microsoft.Network/networkInterfaces/nic-uksouth-a-0/ipConfigurations/uksouth-nic-a-0-ipconfig|/subscriptions/ec08f54a-0f1a-4c39-a964-cc5f288924e4/resourceGroups/rg-uksouth-chaos-demo-01/providers/Microsoft.Network/loadBalancers/lb-int-uksouth/backendAddressPools/BackEndAddressPool]
azurerm_lb_rule.uks-rule: Refreshing state... [id=/subscriptions/ec08f54a-0f1a-4c39-a964-cc5f288924e4/resourceGroups/rg-uksouth-chaos-demo-01/providers/Microsoft.Network/loadBalancers/lb-int-uksouth/loadBalancingRules/LBRule]
azurerm_windows_virtual_machine.uks-vmsa[0]: Refreshing state... [id=/subscriptions/ec08f54a-0f1a-4c39-a964-cc5f288924e4/resourceGroups/rg-uksouth-chaos-demo-01/providers/Microsoft.Compute/virtualMachines/vm-uks-a-0]
azurerm_windows_virtual_machine.uks-vmsb[0]: Refreshing state... [id=/subscriptions/ec08f54a-0f1a-4c39-a964-cc5f288924e4/resourceGroups/rg-uksouth-chaos-demo-01/providers/Microsoft.Compute/virtualMachines/vm-uks-b-0]

Note: Objects have changed outside of Terraform

Terraform detected the following changes made outside of Terraform since the
last "terraform apply" which may have affected this plan:

  # azurerm_availability_set.uks-asa has been deleted
  - resource "azurerm_availability_set" "uks-asa" {
      - id                           = "/subscriptions/ec08f54a-0f1a-4c39-a964-cc5f288924e4/resourceGroups/rg-uksouth-chaos-demo-01/providers/Microsoft.Compute/availabilitySets/as-uksouth-a" -> null
        name                         = "as-uksouth-a"
        tags                         = {
            "Environment" = "ChaosStudioDemo"
            "Owner"       = "dacat"
        }
        # (5 unchanged attributes hidden)
    }

  # azurerm_availability_set.uks-asb has been deleted
  - resource "azurerm_availability_set" "uks-asb" {
      - id                           = "/subscriptions/ec08f54a-0f1a-4c39-a964-cc5f288924e4/resourceGroups/rg-uksouth-chaos-demo-01/providers/Microsoft.Compute/availabilitySets/as-uksouth-b" -> null
        name                         = "as-uksouth-b"
        tags                         = {
            "Environment" = "ChaosStudioDemo"
            "Owner"       = "dacat"
        }
        # (5 unchanged attributes hidden)
    }

  # azurerm_firewall.uks-fw1 has been deleted
  - resource "azurerm_firewall" "uks-fw1" {
        id                  = "/subscriptions/ec08f54a-0f1a-4c39-a964-cc5f288924e4/resourceGroups/rg-uksouth-chaos-demo-01/providers/Microsoft.Network/azureFirewalls/fw-uksouth-01"
      - name                = "fw-uksouth-01" -> null
        tags                = {}
        # (9 unchanged attributes hidden)

      - ip_configuration {
            name                 = "ipconfig-fw-uksouth"
          - private_ip_address   = "10.150.2.4" -> null
            # (2 unchanged attributes hidden)
        }

        # (1 unchanged block hidden)
    }

  # azurerm_key_vault.kv1 has been deleted
  - resource "azurerm_key_vault" "kv1" {
      - id                              = "/subscriptions/ec08f54a-0f1a-4c39-a964-cc5f288924e4/resourceGroups/rg-uksouth-chaos-demo-01/providers/Microsoft.KeyVault/vaults/keyvaultb422b3ea7d" -> null
        name                            = "keyvaultb422b3ea7d"
        tags                            = {
            "Environment" = "ChaosStudioDemo"
            "Owner"       = "dacat"
        }
        # (13 unchanged attributes hidden)

        # (1 unchanged block hidden)
    }

  # azurerm_key_vault_secret.vmpassword1 has been deleted
  - resource "azurerm_key_vault_secret" "vmpassword1" {
        id                      = "https://keyvaultb422b3ea7d.vault.azure.net/secrets/vmpassword1/3541ec7fe4b341199a27631e0f7a6c24"
        name                    = "vmpassword1"
      - value                   = (sensitive value) -> null
        # (7 unchanged attributes hidden)
    }

  # azurerm_key_vault_secret.vmpassword2 has been deleted
  - resource "azurerm_key_vault_secret" "vmpassword2" {
        id                      = "https://keyvaultb422b3ea7d.vault.azure.net/secrets/vmpassword2/674fc25181104daa90bd3bc65d000616"
        name                    = "vmpassword2"
      - value                   = (sensitive value) -> null
        # (7 unchanged attributes hidden)
    }

  # azurerm_lb.uks-lb has been deleted
  - resource "azurerm_lb" "uks-lb" {
      - id                   = "/subscriptions/ec08f54a-0f1a-4c39-a964-cc5f288924e4/resourceGroups/rg-uksouth-chaos-demo-01/providers/Microsoft.Network/loadBalancers/lb-int-uksouth" -> null
        name                 = "lb-int-uksouth"
        tags                 = {}
        # (6 unchanged attributes hidden)

      - frontend_ip_configuration {
            id                            = "/subscriptions/ec08f54a-0f1a-4c39-a964-cc5f288924e4/resourceGroups/rg-uksouth-chaos-demo-01/providers/Microsoft.Network/loadBalancers/lb-int-uksouth/frontendIPConfigurations/fip-lb-int-uksouth"
          - name                          = "fip-lb-int-uksouth" -> null
          - private_ip_address            = "10.150.1.4" -> null
            # (7 unchanged attributes hidden)
        }
    }

  # azurerm_lb_backend_address_pool.uks-pool has been deleted
  - resource "azurerm_lb_backend_address_pool" "uks-pool" {
      - id                        = "/subscriptions/ec08f54a-0f1a-4c39-a964-cc5f288924e4/resourceGroups/rg-uksouth-chaos-demo-01/providers/Microsoft.Network/loadBalancers/lb-int-uksouth/backendAddressPools/BackEndAddressPool" -> null
        name                      = "BackEndAddressPool"
        # (5 unchanged attributes hidden)
    }

  # azurerm_lb_probe.uks-probe has been deleted
  - resource "azurerm_lb_probe" "uks-probe" {
      - id                  = "/subscriptions/ec08f54a-0f1a-4c39-a964-cc5f288924e4/resourceGroups/rg-uksouth-chaos-demo-01/providers/Microsoft.Network/loadBalancers/lb-int-uksouth/probes/http-probe" -> null
        name                = "http-probe"
        # (8 unchanged attributes hidden)
    }

  # azurerm_network_security_group.uks-nsg1 has been deleted
  - resource "azurerm_network_security_group" "uks-nsg1" {
      - id                  = "/subscriptions/ec08f54a-0f1a-4c39-a964-cc5f288924e4/resourceGroups/rg-uksouth-chaos-demo-01/providers/Microsoft.Network/networkSecurityGroups/nsg-snet-uksouth-vnet-hub-01" -> null
        name                = "nsg-snet-uksouth-vnet-hub-01"
        tags                = {
            "Environment" = "ChaosStudioDemo"
            "Owner"       = "dacat"
        }
        # (3 unchanged attributes hidden)
    }

  # azurerm_public_ip.uks-fwmanpip has been deleted
  - resource "azurerm_public_ip" "uks-fwmanpip" {
      - id                      = "/subscriptions/ec08f54a-0f1a-4c39-a964-cc5f288924e4/resourceGroups/rg-uksouth-chaos-demo-01/providers/Microsoft.Network/publicIPAddresses/pip-fwman-uksouth-01" -> null
        name                    = "pip-fwman-uksouth-01"
        tags                    = {}
        # (11 unchanged attributes hidden)
    }

  # azurerm_public_ip.uks-fwpip has been deleted
  - resource "azurerm_public_ip" "uks-fwpip" {
      - fqdn                    = "pip-uks-c80375b6.uksouth.cloudapp.azure.com" -> null
      - id                      = "/subscriptions/ec08f54a-0f1a-4c39-a964-cc5f288924e4/resourceGroups/rg-uksouth-chaos-demo-01/providers/Microsoft.Network/publicIPAddresses/pip-fw-uksouth-01" -> null
      - ip_address              = "172.167.43.12" -> null
        name                    = "pip-fw-uksouth-01"
        tags                    = {}
        # (11 unchanged attributes hidden)
    }

  # azurerm_resource_group.uks has been deleted
  - resource "azurerm_resource_group" "uks" {
        id       = "/subscriptions/ec08f54a-0f1a-4c39-a964-cc5f288924e4/resourceGroups/rg-uksouth-chaos-demo-01"
      - location = "uksouth" -> null
      - name     = "rg-uksouth-chaos-demo-01" -> null
        tags     = {
            "Environment" = "ChaosStudioDemo"
            "Owner"       = "dacat"
        }
    }

  # azurerm_route_table.uks-rt1 has been deleted
  - resource "azurerm_route_table" "uks-rt1" {
      - id                            = "/subscriptions/ec08f54a-0f1a-4c39-a964-cc5f288924e4/resourceGroups/rg-uksouth-chaos-demo-01/providers/Microsoft.Network/routeTables/rtbl-uksouth-01" -> null
        name                          = "rtbl-uksouth-01"
        tags                          = {}
        # (6 unchanged attributes hidden)
    }

  # azurerm_service_plan.uks-asp has been deleted
  - resource "azurerm_service_plan" "uks-asp" {
      - id                           = "/subscriptions/ec08f54a-0f1a-4c39-a964-cc5f288924e4/resourceGroups/rg-uksouth-chaos-demo-01/providers/Microsoft.Web/serverFarms/uksouth-asp-01" -> null
        name                         = "uksouth-asp-01"
        tags                         = {}
        # (10 unchanged attributes hidden)
    }

  # azurerm_storage_account.uks-sa1 has been deleted
  - resource "azurerm_storage_account" "uks-sa1" {
        id                                = "/subscriptions/ec08f54a-0f1a-4c39-a964-cc5f288924e4/resourceGroups/rg-uksouth-chaos-demo-01/providers/Microsoft.Storage/storageAccounts/uksouthsa01"
      - name                              = "uksouthsa01" -> null
      - primary_access_key                = (sensitive value) -> null
        tags                              = {}
        # (40 unchanged attributes hidden)

        # (3 unchanged blocks hidden)
    }

  # azurerm_subnet.uks-hub1-subnet has been deleted
  - resource "azurerm_subnet" "uks-hub1-subnet" {
      - id                                             = "/subscriptions/ec08f54a-0f1a-4c39-a964-cc5f288924e4/resourceGroups/rg-uksouth-chaos-demo-01/providers/Microsoft.Network/virtualNetworks/vnet-uksouth-hub-01/subnets/snethost-uksouth-vnet-hub-01" -> null
        name                                           = "snethost-uksouth-vnet-hub-01"
        # (11 unchanged attributes hidden)
    }

  # azurerm_subnet.uks-hub1-subnetfw has been deleted
  - resource "azurerm_subnet" "uks-hub1-subnetfw" {
      - id                                             = "/subscriptions/ec08f54a-0f1a-4c39-a964-cc5f288924e4/resourceGroups/rg-uksouth-chaos-demo-01/providers/Microsoft.Network/virtualNetworks/vnet-uksouth-hub-01/subnets/AzureFirewallSubnet" -> null
        name                                           = "AzureFirewallSubnet"
        # (11 unchanged attributes hidden)
    }

  # azurerm_subnet.uks-hub1-subnetfwman has been deleted
  - resource "azurerm_subnet" "uks-hub1-subnetfwman" {
      - id                                             = "/subscriptions/ec08f54a-0f1a-4c39-a964-cc5f288924e4/resourceGroups/rg-uksouth-chaos-demo-01/providers/Microsoft.Network/virtualNetworks/vnet-uksouth-hub-01/subnets/AzureFirewallManagementSubnet" -> null
        name                                           = "AzureFirewallManagementSubnet"
        # (11 unchanged attributes hidden)
    }

  # azurerm_subnet.uks-hub1-subnetlb has been deleted
  - resource "azurerm_subnet" "uks-hub1-subnetlb" {
      - id                                             = "/subscriptions/ec08f54a-0f1a-4c39-a964-cc5f288924e4/resourceGroups/rg-uksouth-chaos-demo-01/providers/Microsoft.Network/virtualNetworks/vnet-uksouth-hub-01/subnets/snetlb-uksouth-vnet-hub-01" -> null
        name                                           = "snetlb-uksouth-vnet-hub-01"
        # (11 unchanged attributes hidden)
    }

  # azurerm_traffic_manager_profile.tm1 has been deleted
  - resource "azurerm_traffic_manager_profile" "tm1" {
      - fqdn                   = "chaos-demo-c80375b6.trafficmanager.net" -> null
      - id                     = "/subscriptions/ec08f54a-0f1a-4c39-a964-cc5f288924e4/resourceGroups/rg-uksouth-chaos-demo-01/providers/Microsoft.Network/trafficManagerProfiles/tm-chaos-demo" -> null
        name                   = "tm-chaos-demo"
        tags                   = {
            "Environment" = "ChaosStudioDemo"
            "Owner"       = "dacat"
        }
        # (5 unchanged attributes hidden)

        # (2 unchanged blocks hidden)
    }

  # azurerm_virtual_network.uks-hub1 has been deleted
  - resource "azurerm_virtual_network" "uks-hub1" {
        id                      = "/subscriptions/ec08f54a-0f1a-4c39-a964-cc5f288924e4/resourceGroups/rg-uksouth-chaos-demo-01/providers/Microsoft.Network/virtualNetworks/vnet-uksouth-hub-01"
      - name                    = "vnet-uksouth-hub-01" -> null
        tags                    = {
            "Environment" = "ChaosStudioDemo"
            "Owner"       = "dacat"
        }
        # (7 unchanged attributes hidden)
    }


Unless you have made equivalent changes to your configuration, or ignored the
relevant attributes using ignore_changes, the following plan may include
actions to undo or respond to these changes.

─────────────────────────────────────────────────────────────────────────────

Terraform used the selected providers to generate the following execution
plan. Resource actions are indicated with the following symbols:
  + create

Terraform will perform the following actions:

  # azurerm_availability_set.uks-asa will be created
  + resource "azurerm_availability_set" "uks-asa" {
      + id                           = (known after apply)
      + location                     = "uksouth"
      + managed                      = true
      + name                         = "as-uksouth-a"
      + platform_fault_domain_count  = 2
      + platform_update_domain_count = 5
      + resource_group_name          = "rg-uksouth-chaos-demo-01"
      + tags                         = {
          + "Environment" = "ChaosStudioDemo"
          + "Owner"       = "dacat"
        }
    }

  # azurerm_availability_set.uks-asb will be created
  + resource "azurerm_availability_set" "uks-asb" {
      + id                           = (known after apply)
      + location                     = "uksouth"
      + managed                      = true
      + name                         = "as-uksouth-b"
      + platform_fault_domain_count  = 2
      + platform_update_domain_count = 5
      + resource_group_name          = "rg-uksouth-chaos-demo-01"
      + tags                         = {
          + "Environment" = "ChaosStudioDemo"
          + "Owner"       = "dacat"
        }
    }

  # azurerm_firewall.uks-fw1 will be created
  + resource "azurerm_firewall" "uks-fw1" {
      + dns_proxy_enabled   = (known after apply)
      + id                  = (known after apply)
      + location            = "uksouth"
      + name                = "fw-uksouth-01"
      + resource_group_name = "rg-uksouth-chaos-demo-01"
      + sku_name            = "AZFW_VNet"
      + sku_tier            = "Basic"
      + threat_intel_mode   = "Off"

      + ip_configuration {
          + name                 = "ipconfig-fw-uksouth"
          + private_ip_address   = (known after apply)
          + public_ip_address_id = (known after apply)
          + subnet_id            = (known after apply)
        }

      + management_ip_configuration {
          + name                 = "ipconfig-fwman-uksouth"
          + private_ip_address   = (known after apply)
          + public_ip_address_id = (known after apply)
          + subnet_id            = (known after apply)
        }
    }

  # azurerm_firewall_nat_rule_collection.uks-nat will be created
  + resource "azurerm_firewall_nat_rule_collection" "uks-nat" {
      + action              = "Dnat"
      + azure_firewall_name = "fw-uksouth-01"
      + id                  = (known after apply)
      + name                = "uksouth-nat1"
      + priority            = 100
      + resource_group_name = "rg-uksouth-chaos-demo-01"

      + rule {
          + destination_addresses = (known after apply)
          + destination_ports     = [
              + "80",
            ]
          + name                  = "uksouth-nat1"
          + protocols             = [
              + "TCP",
            ]
          + source_addresses      = [
              + "*",
            ]
          + translated_address    = "10.150.1.4"
          + translated_port       = "80"
        }
    }

  # azurerm_firewall_network_rule_collection.uks-outbound will be created
  + resource "azurerm_firewall_network_rule_collection" "uks-outbound" {
      + action              = "Allow"
      + azure_firewall_name = "fw-uksouth-01"
      + id                  = (known after apply)
      + name                = "uksouth-outbound"
      + priority            = 100
      + resource_group_name = "rg-uksouth-chaos-demo-01"

      + rule {
          + destination_addresses = [
              + "*",
            ]
          + destination_ports     = [
              + "*",
            ]
          + name                  = "uksouth-outbound"
          + protocols             = [
              + "Any",
            ]
          + source_addresses      = [
              + "10.150.0.0/19",
            ]
        }
    }

  # azurerm_key_vault.kv1 will be created
  + resource "azurerm_key_vault" "kv1" {
      + access_policy                 = [
          + {
              + key_permissions     = [
                  + "Get",
                ]
              + object_id           = "99d6a161-4228-42c2-8136-0f759e056d1f"
              + secret_permissions  = [
                  + "Get",
                  + "Backup",
                  + "Delete",
                  + "List",
                  + "Purge",
                  + "Recover",
                  + "Restore",
                  + "Set",
                ]
              + storage_permissions = [
                  + "Get",
                ]
              + tenant_id           = "68a3be48-c55e-414c-b2bf-5cc4d2d81d74"
            },
        ]
      + enabled_for_disk_encryption   = true
      + id                            = (known after apply)
      + location                      = "uksouth"
      + name                          = "keyvaultb422b3ea7d"
      + public_network_access_enabled = true
      + purge_protection_enabled      = false
      + resource_group_name           = "rg-uksouth-chaos-demo-01"
      + sku_name                      = "standard"
      + soft_delete_retention_days    = 7
      + tags                          = {
          + "Environment" = "ChaosStudioDemo"
          + "Owner"       = "dacat"
        }
      + tenant_id                     = "68a3be48-c55e-414c-b2bf-5cc4d2d81d74"
      + vault_uri                     = (known after apply)

      + network_acls {
          + bypass                     = "AzureServices"
          + default_action             = "Deny"
          + ip_rules                   = [
              + "67.208.52.126",
            ]
          + virtual_network_subnet_ids = (known after apply)
        }
    }

  # azurerm_key_vault_secret.appsecret1 will be created
  + resource "azurerm_key_vault_secret" "appsecret1" {
      + content_type            = "FA App Secret 1"
      + expiration_date         = (known after apply)
      + id                      = (known after apply)
      + key_vault_id            = (known after apply)
      + name                    = "appsecret1"
      + resource_id             = (known after apply)
      + resource_versionless_id = (known after apply)
      + value                   = (sensitive value)
      + version                 = (known after apply)
      + versionless_id          = (known after apply)
    }

  # azurerm_key_vault_secret.appsecret2 will be created
  + resource "azurerm_key_vault_secret" "appsecret2" {
      + content_type            = "FA App Secret 2"
      + expiration_date         = (known after apply)
      + id                      = (known after apply)
      + key_vault_id            = (known after apply)
      + name                    = "appsecret2"
      + resource_id             = (known after apply)
      + resource_versionless_id = (known after apply)
      + value                   = (sensitive value)
      + version                 = (known after apply)
      + versionless_id          = (known after apply)
    }

  # azurerm_key_vault_secret.vmpassword1 will be created
  + resource "azurerm_key_vault_secret" "vmpassword1" {
      + content_type            = "uks VM Password Secret"
      + expiration_date         = (known after apply)
      + id                      = (known after apply)
      + key_vault_id            = (known after apply)
      + name                    = "vmpassword1"
      + resource_id             = (known after apply)
      + resource_versionless_id = (known after apply)
      + value                   = (sensitive value)
      + version                 = (known after apply)
      + versionless_id          = (known after apply)
    }

  # azurerm_key_vault_secret.vmpassword2 will be created
  + resource "azurerm_key_vault_secret" "vmpassword2" {
      + content_type            = "ukw VM Password Secret"
      + expiration_date         = (known after apply)
      + id                      = (known after apply)
      + key_vault_id            = (known after apply)
      + name                    = "vmpassword2"
      + resource_id             = (known after apply)
      + resource_versionless_id = (known after apply)
      + value                   = (sensitive value)
      + version                 = (known after apply)
      + versionless_id          = (known after apply)
    }

  # azurerm_lb.uks-lb will be created
  + resource "azurerm_lb" "uks-lb" {
      + id                   = (known after apply)
      + location             = "uksouth"
      + name                 = "lb-int-uksouth"
      + private_ip_address   = (known after apply)
      + private_ip_addresses = (known after apply)
      + resource_group_name  = "rg-uksouth-chaos-demo-01"
      + sku                  = "Standard"
      + sku_tier             = "Regional"

      + frontend_ip_configuration {
          + gateway_load_balancer_frontend_ip_configuration_id = (known after apply)
          + id                                                 = (known after apply)
          + inbound_nat_rules                                  = (known after apply)
          + load_balancer_rules                                = (known after apply)
          + name                                               = "fip-lb-int-uksouth"
          + outbound_rules                                     = (known after apply)
          + private_ip_address                                 = "10.150.1.4"
          + private_ip_address_allocation                      = "static"
          + private_ip_address_version                         = (known after apply)
          + public_ip_address_id                               = (known after apply)
          + public_ip_prefix_id                                = (known after apply)
          + subnet_id                                          = (known after apply)
        }
    }

  # azurerm_lb_backend_address_pool.uks-pool will be created
  + resource "azurerm_lb_backend_address_pool" "uks-pool" {
      + backend_ip_configurations = (known after apply)
      + id                        = (known after apply)
      + inbound_nat_rules         = (known after apply)
      + load_balancing_rules      = (known after apply)
      + loadbalancer_id           = (known after apply)
      + name                      = "BackEndAddressPool"
      + outbound_rules            = (known after apply)
    }

  # azurerm_lb_probe.uks-probe will be created
  + resource "azurerm_lb_probe" "uks-probe" {
      + id                  = (known after apply)
      + interval_in_seconds = 60
      + load_balancer_rules = (known after apply)
      + loadbalancer_id     = (known after apply)
      + name                = "http-probe"
      + number_of_probes    = 2
      + port                = 80
      + probe_threshold     = 1
      + protocol            = "Http"
      + request_path        = "/"
    }

  # azurerm_lb_rule.uks-rule will be created
  + resource "azurerm_lb_rule" "uks-rule" {
      + backend_address_pool_ids       = (known after apply)
      + backend_port                   = 80
      + disable_outbound_snat          = false
      + enable_floating_ip             = false
      + frontend_ip_configuration_id   = (known after apply)
      + frontend_ip_configuration_name = "fip-lb-int-uksouth"
      + frontend_port                  = 80
      + id                             = (known after apply)
      + idle_timeout_in_minutes        = (known after apply)
      + load_distribution              = (known after apply)
      + loadbalancer_id                = (known after apply)
      + name                           = "LBRule"
      + probe_id                       = (known after apply)
      + protocol                       = "Tcp"
    }

  # azurerm_linux_function_app.uks-fa will be created
  + resource "azurerm_linux_function_app" "uks-fa" {
      + builtin_logging_enabled                        = true
      + client_certificate_enabled                     = false
      + client_certificate_mode                        = "Optional"
      + content_share_force_disabled                   = false
      + custom_domain_verification_id                  = (sensitive value)
      + daily_memory_time_quota                        = 0
      + default_hostname                               = (known after apply)
      + enabled                                        = true
      + ftp_publish_basic_authentication_enabled       = true
      + functions_extension_version                    = "~4"
      + hosting_environment_id                         = (known after apply)
      + https_only                                     = true
      + id                                             = (known after apply)
      + key_vault_reference_identity_id                = (known after apply)
      + kind                                           = (known after apply)
      + location                                       = "uksouth"
      + name                                           = "sa-uksouth-fa01"
      + outbound_ip_address_list                       = (known after apply)
      + outbound_ip_addresses                          = (known after apply)
      + possible_outbound_ip_address_list              = (known after apply)
      + possible_outbound_ip_addresses                 = (known after apply)
      + public_network_access_enabled                  = true
      + resource_group_name                            = "rg-uksouth-chaos-demo-01"
      + service_plan_id                                = (known after apply)
      + site_credential                                = (sensitive value)
      + storage_account_access_key                     = (sensitive value)
      + storage_account_name                           = "sauksouth01"
      + storage_uses_managed_identity                  = false
      + tags                                           = {
          + "Environment" = "ChaosStudioDemo"
          + "Owner"       = "dacat"
        }
      + webdeploy_publish_basic_authentication_enabled = true
      + zip_deploy_file                                = (known after apply)

      + site_config {
          + always_on                               = (known after apply)
          + app_scale_limit                         = (known after apply)
          + container_registry_use_managed_identity = false
          + default_documents                       = (known after apply)
          + detailed_error_logging_enabled          = (known after apply)
          + elastic_instance_minimum                = (known after apply)
          + ftps_state                              = "Disabled"
          + health_check_eviction_time_in_min       = (known after apply)
          + http2_enabled                           = false
          + ip_restriction_default_action           = "Allow"
          + linux_fx_version                        = (known after apply)
          + load_balancing_mode                     = "LeastRequests"
          + managed_pipeline_mode                   = "Integrated"
          + minimum_tls_version                     = "1.2"
          + pre_warmed_instance_count               = (known after apply)
          + remote_debugging_enabled                = false
          + remote_debugging_version                = (known after apply)
          + scm_ip_restriction_default_action       = "Allow"
          + scm_minimum_tls_version                 = "1.2"
          + scm_type                                = (known after apply)
          + scm_use_main_ip_restriction             = false
          + use_32_bit_worker                       = false
          + vnet_route_all_enabled                  = false
          + websockets_enabled                      = false
          + worker_count                            = (known after apply)
        }
    }

  # azurerm_network_interface.uks-anics[0] will be created
  + resource "azurerm_network_interface" "uks-anics" {
      + accelerated_networking_enabled = (known after apply)
      + applied_dns_servers            = (known after apply)
      + dns_servers                    = (known after apply)
      + enable_accelerated_networking  = (known after apply)
      + enable_ip_forwarding           = (known after apply)
      + id                             = (known after apply)
      + internal_domain_name_suffix    = (known after apply)
      + ip_forwarding_enabled          = (known after apply)
      + location                       = "uksouth"
      + mac_address                    = (known after apply)
      + name                           = "nic-uksouth-a-0"
      + private_ip_address             = (known after apply)
      + private_ip_addresses           = (known after apply)
      + resource_group_name            = "rg-uksouth-chaos-demo-01"
      + tags                           = {
          + "Environment" = "ChaosStudioDemo"
          + "Owner"       = "dacat"
        }
      + virtual_machine_id             = (known after apply)

      + ip_configuration {
          + gateway_load_balancer_frontend_ip_configuration_id = (known after apply)
          + name                                               = "uksouth-nic-a-0-ipconfig"
          + primary                                            = (known after apply)
          + private_ip_address                                 = (known after apply)
          + private_ip_address_allocation                      = "Dynamic"
          + private_ip_address_version                         = "IPv4"
          + subnet_id                                          = (known after apply)
        }
    }

  # azurerm_network_interface.uks-bnics[0] will be created
  + resource "azurerm_network_interface" "uks-bnics" {
      + accelerated_networking_enabled = (known after apply)
      + applied_dns_servers            = (known after apply)
      + dns_servers                    = (known after apply)
      + enable_accelerated_networking  = (known after apply)
      + enable_ip_forwarding           = (known after apply)
      + id                             = (known after apply)
      + internal_domain_name_suffix    = (known after apply)
      + ip_forwarding_enabled          = (known after apply)
      + location                       = "uksouth"
      + mac_address                    = (known after apply)
      + name                           = "nic-uksouth-b-0"
      + private_ip_address             = (known after apply)
      + private_ip_addresses           = (known after apply)
      + resource_group_name            = "rg-uksouth-chaos-demo-01"
      + tags                           = {
          + "Environment" = "ChaosStudioDemo"
          + "Owner"       = "dacat"
        }
      + virtual_machine_id             = (known after apply)

      + ip_configuration {
          + gateway_load_balancer_frontend_ip_configuration_id = (known after apply)
          + name                                               = "uksouth-nic-b-0-ipconfig"
          + primary                                            = (known after apply)
          + private_ip_address                                 = (known after apply)
          + private_ip_address_allocation                      = "Dynamic"
          + private_ip_address_version                         = "IPv4"
          + subnet_id                                          = (known after apply)
        }
    }

  # azurerm_network_interface_backend_address_pool_association.uks-a[0] will be created
  + resource "azurerm_network_interface_backend_address_pool_association" "uks-a" {
      + backend_address_pool_id = (known after apply)
      + id                      = (known after apply)
      + ip_configuration_name   = "uksouth-nic-a-0-ipconfig"
      + network_interface_id    = (known after apply)
    }

  # azurerm_network_interface_backend_address_pool_association.uks-b[0] will be created
  + resource "azurerm_network_interface_backend_address_pool_association" "uks-b" {
      + backend_address_pool_id = (known after apply)
      + id                      = (known after apply)
      + ip_configuration_name   = "uksouth-nic-b-0-ipconfig"
      + network_interface_id    = (known after apply)
    }

  # azurerm_network_security_group.uks-nsg1 will be created
  + resource "azurerm_network_security_group" "uks-nsg1" {
      + id                  = (known after apply)
      + location            = "uksouth"
      + name                = "nsg-snet-uksouth-vnet-hub-01"
      + resource_group_name = "rg-uksouth-chaos-demo-01"
      + security_rule       = (known after apply)
      + tags                = {
          + "Environment" = "ChaosStudioDemo"
          + "Owner"       = "dacat"
        }
    }

  # azurerm_public_ip.uks-fwmanpip will be created
  + resource "azurerm_public_ip" "uks-fwmanpip" {
      + allocation_method       = "Static"
      + ddos_protection_mode    = "VirtualNetworkInherited"
      + fqdn                    = (known after apply)
      + id                      = (known after apply)
      + idle_timeout_in_minutes = 4
      + ip_address              = (known after apply)
      + ip_version              = "IPv4"
      + location                = "uksouth"
      + name                    = "pip-fwman-uksouth-01"
      + resource_group_name     = "rg-uksouth-chaos-demo-01"
      + sku                     = "Standard"
      + sku_tier                = "Regional"
    }

  # azurerm_public_ip.uks-fwpip will be created
  + resource "azurerm_public_ip" "uks-fwpip" {
      + allocation_method       = "Static"
      + ddos_protection_mode    = "VirtualNetworkInherited"
      + domain_name_label       = "pip-uks-c80375b6"
      + fqdn                    = (known after apply)
      + id                      = (known after apply)
      + idle_timeout_in_minutes = 4
      + ip_address              = (known after apply)
      + ip_version              = "IPv4"
      + location                = "uksouth"
      + name                    = "pip-fw-uksouth-01"
      + resource_group_name     = "rg-uksouth-chaos-demo-01"
      + sku                     = "Standard"
      + sku_tier                = "Regional"
    }

  # azurerm_resource_group.uks will be created
  + resource "azurerm_resource_group" "uks" {
      + id       = (known after apply)
      + location = "uksouth"
      + name     = "rg-uksouth-chaos-demo-01"
      + tags     = {
          + "Environment" = "ChaosStudioDemo"
          + "Owner"       = "dacat"
        }
    }

  # azurerm_route_table.uks-rt1 will be created
  + resource "azurerm_route_table" "uks-rt1" {
      + bgp_route_propagation_enabled = (known after apply)
      + disable_bgp_route_propagation = (known after apply)
      + id                            = (known after apply)
      + location                      = "uksouth"
      + name                          = "rtbl-uksouth-01"
      + resource_group_name           = "rg-uksouth-chaos-demo-01"
      + route                         = [
          + {
              + address_prefix         = "0.0.0.0/0"
              + name                   = "route1"
              + next_hop_in_ip_address = (known after apply)
              + next_hop_type          = "VirtualAppliance"
            },
        ]
      + subnets                       = (known after apply)
    }

  # azurerm_service_plan.uks-asp will be created
  + resource "azurerm_service_plan" "uks-asp" {
      + id                           = (known after apply)
      + kind                         = (known after apply)
      + location                     = "uksouth"
      + maximum_elastic_worker_count = (known after apply)
      + name                         = "uksouth-asp-01"
      + os_type                      = "Linux"
      + per_site_scaling_enabled     = false
      + reserved                     = (known after apply)
      + resource_group_name          = "rg-uksouth-chaos-demo-01"
      + sku_name                     = "B1"
      + tags                         = {
          + "Environment" = "ChaosStudioDemo"
          + "Owner"       = "dacat"
        }
      + worker_count                 = (known after apply)
    }

  # azurerm_storage_account.uks-sa1 will be created
  + resource "azurerm_storage_account" "uks-sa1" {
      + access_tier                        = (known after apply)
      + account_kind                       = "StorageV2"
      + account_replication_type           = "LRS"
      + account_tier                       = "Standard"
      + allow_nested_items_to_be_public    = true
      + cross_tenant_replication_enabled   = true
      + default_to_oauth_authentication    = false
      + dns_endpoint_type                  = "Standard"
      + enable_https_traffic_only          = (known after apply)
      + https_traffic_only_enabled         = (known after apply)
      + id                                 = (known after apply)
      + infrastructure_encryption_enabled  = false
      + is_hns_enabled                     = false
      + large_file_share_enabled           = (known after apply)
      + local_user_enabled                 = true
      + location                           = "uksouth"
      + min_tls_version                    = "TLS1_2"
      + name                               = "sauksouth01"
      + nfsv3_enabled                      = false
      + primary_access_key                 = (sensitive value)
      + primary_blob_connection_string     = (sensitive value)
      + primary_blob_endpoint              = (known after apply)
      + primary_blob_host                  = (known after apply)
      + primary_blob_internet_endpoint     = (known after apply)
      + primary_blob_internet_host         = (known after apply)
      + primary_blob_microsoft_endpoint    = (known after apply)
      + primary_blob_microsoft_host        = (known after apply)
      + primary_connection_string          = (sensitive value)
      + primary_dfs_endpoint               = (known after apply)
      + primary_dfs_host                   = (known after apply)
      + primary_dfs_internet_endpoint      = (known after apply)
      + primary_dfs_internet_host          = (known after apply)
      + primary_dfs_microsoft_endpoint     = (known after apply)
      + primary_dfs_microsoft_host         = (known after apply)
      + primary_file_endpoint              = (known after apply)
      + primary_file_host                  = (known after apply)
      + primary_file_internet_endpoint     = (known after apply)
      + primary_file_internet_host         = (known after apply)
      + primary_file_microsoft_endpoint    = (known after apply)
      + primary_file_microsoft_host        = (known after apply)
      + primary_location                   = (known after apply)
      + primary_queue_endpoint             = (known after apply)
      + primary_queue_host                 = (known after apply)
      + primary_queue_microsoft_endpoint   = (known after apply)
      + primary_queue_microsoft_host       = (known after apply)
      + primary_table_endpoint             = (known after apply)
      + primary_table_host                 = (known after apply)
      + primary_table_microsoft_endpoint   = (known after apply)
      + primary_table_microsoft_host       = (known after apply)
      + primary_web_endpoint               = (known after apply)
      + primary_web_host                   = (known after apply)
      + primary_web_internet_endpoint      = (known after apply)
      + primary_web_internet_host          = (known after apply)
      + primary_web_microsoft_endpoint     = (known after apply)
      + primary_web_microsoft_host         = (known after apply)
      + public_network_access_enabled      = true
      + queue_encryption_key_type          = "Service"
      + resource_group_name                = "rg-uksouth-chaos-demo-01"
      + secondary_access_key               = (sensitive value)
      + secondary_blob_connection_string   = (sensitive value)
      + secondary_blob_endpoint            = (known after apply)
      + secondary_blob_host                = (known after apply)
      + secondary_blob_internet_endpoint   = (known after apply)
      + secondary_blob_internet_host       = (known after apply)
      + secondary_blob_microsoft_endpoint  = (known after apply)
      + secondary_blob_microsoft_host      = (known after apply)
      + secondary_connection_string        = (sensitive value)
      + secondary_dfs_endpoint             = (known after apply)
      + secondary_dfs_host                 = (known after apply)
      + secondary_dfs_internet_endpoint    = (known after apply)
      + secondary_dfs_internet_host        = (known after apply)
      + secondary_dfs_microsoft_endpoint   = (known after apply)
      + secondary_dfs_microsoft_host       = (known after apply)
      + secondary_file_endpoint            = (known after apply)
      + secondary_file_host                = (known after apply)
      + secondary_file_internet_endpoint   = (known after apply)
      + secondary_file_internet_host       = (known after apply)
      + secondary_file_microsoft_endpoint  = (known after apply)
      + secondary_file_microsoft_host      = (known after apply)
      + secondary_location                 = (known after apply)
      + secondary_queue_endpoint           = (known after apply)
      + secondary_queue_host               = (known after apply)
      + secondary_queue_microsoft_endpoint = (known after apply)
      + secondary_queue_microsoft_host     = (known after apply)
      + secondary_table_endpoint           = (known after apply)
      + secondary_table_host               = (known after apply)
      + secondary_table_microsoft_endpoint = (known after apply)
      + secondary_table_microsoft_host     = (known after apply)
      + secondary_web_endpoint             = (known after apply)
      + secondary_web_host                 = (known after apply)
      + secondary_web_internet_endpoint    = (known after apply)
      + secondary_web_internet_host        = (known after apply)
      + secondary_web_microsoft_endpoint   = (known after apply)
      + secondary_web_microsoft_host       = (known after apply)
      + sftp_enabled                       = false
      + shared_access_key_enabled          = true
      + table_encryption_key_type          = "Service"
      + tags                               = {
          + "Environment" = "ChaosStudioDemo"
          + "Owner"       = "dacat"
        }
    }

  # azurerm_storage_account.uks-vm1 will be created
  + resource "azurerm_storage_account" "uks-vm1" {
      + access_tier                        = (known after apply)
      + account_kind                       = "StorageV2"
      + account_replication_type           = "LRS"
      + account_tier                       = "Standard"
      + allow_nested_items_to_be_public    = true
      + cross_tenant_replication_enabled   = true
      + default_to_oauth_authentication    = false
      + dns_endpoint_type                  = "Standard"
      + enable_https_traffic_only          = (known after apply)
      + https_traffic_only_enabled         = (known after apply)
      + id                                 = (known after apply)
      + infrastructure_encryption_enabled  = false
      + is_hns_enabled                     = false
      + large_file_share_enabled           = (known after apply)
      + local_user_enabled                 = true
      + location                           = "uksouth"
      + min_tls_version                    = "TLS1_2"
      + name                               = "sauksouthvmdiag"
      + nfsv3_enabled                      = false
      + primary_access_key                 = (sensitive value)
      + primary_blob_connection_string     = (sensitive value)
      + primary_blob_endpoint              = (known after apply)
      + primary_blob_host                  = (known after apply)
      + primary_blob_internet_endpoint     = (known after apply)
      + primary_blob_internet_host         = (known after apply)
      + primary_blob_microsoft_endpoint    = (known after apply)
      + primary_blob_microsoft_host        = (known after apply)
      + primary_connection_string          = (sensitive value)
      + primary_dfs_endpoint               = (known after apply)
      + primary_dfs_host                   = (known after apply)
      + primary_dfs_internet_endpoint      = (known after apply)
      + primary_dfs_internet_host          = (known after apply)
      + primary_dfs_microsoft_endpoint     = (known after apply)
      + primary_dfs_microsoft_host         = (known after apply)
      + primary_file_endpoint              = (known after apply)
      + primary_file_host                  = (known after apply)
      + primary_file_internet_endpoint     = (known after apply)
      + primary_file_internet_host         = (known after apply)
      + primary_file_microsoft_endpoint    = (known after apply)
      + primary_file_microsoft_host        = (known after apply)
      + primary_location                   = (known after apply)
      + primary_queue_endpoint             = (known after apply)
      + primary_queue_host                 = (known after apply)
      + primary_queue_microsoft_endpoint   = (known after apply)
      + primary_queue_microsoft_host       = (known after apply)
      + primary_table_endpoint             = (known after apply)
      + primary_table_host                 = (known after apply)
      + primary_table_microsoft_endpoint   = (known after apply)
      + primary_table_microsoft_host       = (known after apply)
      + primary_web_endpoint               = (known after apply)
      + primary_web_host                   = (known after apply)
      + primary_web_internet_endpoint      = (known after apply)
      + primary_web_internet_host          = (known after apply)
      + primary_web_microsoft_endpoint     = (known after apply)
      + primary_web_microsoft_host         = (known after apply)
      + public_network_access_enabled      = true
      + queue_encryption_key_type          = "Service"
      + resource_group_name                = "rg-uksouth-chaos-demo-01"
      + secondary_access_key               = (sensitive value)
      + secondary_blob_connection_string   = (sensitive value)
      + secondary_blob_endpoint            = (known after apply)
      + secondary_blob_host                = (known after apply)
      + secondary_blob_internet_endpoint   = (known after apply)
      + secondary_blob_internet_host       = (known after apply)
      + secondary_blob_microsoft_endpoint  = (known after apply)
      + secondary_blob_microsoft_host      = (known after apply)
      + secondary_connection_string        = (sensitive value)
      + secondary_dfs_endpoint             = (known after apply)
      + secondary_dfs_host                 = (known after apply)
      + secondary_dfs_internet_endpoint    = (known after apply)
      + secondary_dfs_internet_host        = (known after apply)
      + secondary_dfs_microsoft_endpoint   = (known after apply)
      + secondary_dfs_microsoft_host       = (known after apply)
      + secondary_file_endpoint            = (known after apply)
      + secondary_file_host                = (known after apply)
      + secondary_file_internet_endpoint   = (known after apply)
      + secondary_file_internet_host       = (known after apply)
      + secondary_file_microsoft_endpoint  = (known after apply)
      + secondary_file_microsoft_host      = (known after apply)
      + secondary_location                 = (known after apply)
      + secondary_queue_endpoint           = (known after apply)
      + secondary_queue_host               = (known after apply)
      + secondary_queue_microsoft_endpoint = (known after apply)
      + secondary_queue_microsoft_host     = (known after apply)
      + secondary_table_endpoint           = (known after apply)
      + secondary_table_host               = (known after apply)
      + secondary_table_microsoft_endpoint = (known after apply)
      + secondary_table_microsoft_host     = (known after apply)
      + secondary_web_endpoint             = (known after apply)
      + secondary_web_host                 = (known after apply)
      + secondary_web_internet_endpoint    = (known after apply)
      + secondary_web_internet_host        = (known after apply)
      + secondary_web_microsoft_endpoint   = (known after apply)
      + secondary_web_microsoft_host       = (known after apply)
      + sftp_enabled                       = false
      + shared_access_key_enabled          = true
      + table_encryption_key_type          = "Service"
      + tags                               = {
          + "Environment" = "ChaosStudioDemo"
          + "Owner"       = "dacat"
        }
    }

  # azurerm_subnet.uks-hub1-subnet will be created
  + resource "azurerm_subnet" "uks-hub1-subnet" {
      + address_prefixes                               = [
          + "10.150.0.0/24",
        ]
      + default_outbound_access_enabled                = true
      + enforce_private_link_endpoint_network_policies = (known after apply)
      + enforce_private_link_service_network_policies  = (known after apply)
      + id                                             = (known after apply)
      + name                                           = "snethost-uksouth-vnet-hub-01"
      + private_endpoint_network_policies              = (known after apply)
      + private_endpoint_network_policies_enabled      = (known after apply)
      + private_link_service_network_policies_enabled  = (known after apply)
      + resource_group_name                            = "rg-uksouth-chaos-demo-01"
      + service_endpoints                              = [
          + "Microsoft.KeyVault",
        ]
      + virtual_network_name                           = "vnet-uksouth-hub-01"
    }

  # azurerm_subnet.uks-hub1-subnetfw will be created
  + resource "azurerm_subnet" "uks-hub1-subnetfw" {
      + address_prefixes                               = [
          + "10.150.2.0/24",
        ]
      + default_outbound_access_enabled                = true
      + enforce_private_link_endpoint_network_policies = (known after apply)
      + enforce_private_link_service_network_policies  = (known after apply)
      + id                                             = (known after apply)
      + name                                           = "AzureFirewallSubnet"
      + private_endpoint_network_policies              = (known after apply)
      + private_endpoint_network_policies_enabled      = (known after apply)
      + private_link_service_network_policies_enabled  = (known after apply)
      + resource_group_name                            = "rg-uksouth-chaos-demo-01"
      + virtual_network_name                           = "vnet-uksouth-hub-01"
    }

  # azurerm_subnet.uks-hub1-subnetfwman will be created
  + resource "azurerm_subnet" "uks-hub1-subnetfwman" {
      + address_prefixes                               = [
          + "10.150.3.0/24",
        ]
      + default_outbound_access_enabled                = true
      + enforce_private_link_endpoint_network_policies = (known after apply)
      + enforce_private_link_service_network_policies  = (known after apply)
      + id                                             = (known after apply)
      + name                                           = "AzureFirewallManagementSubnet"
      + private_endpoint_network_policies              = (known after apply)
      + private_endpoint_network_policies_enabled      = (known after apply)
      + private_link_service_network_policies_enabled  = (known after apply)
      + resource_group_name                            = "rg-uksouth-chaos-demo-01"
      + virtual_network_name                           = "vnet-uksouth-hub-01"
    }

  # azurerm_subnet.uks-hub1-subnetlb will be created
  + resource "azurerm_subnet" "uks-hub1-subnetlb" {
      + address_prefixes                               = [
          + "10.150.1.0/24",
        ]
      + default_outbound_access_enabled                = true
      + enforce_private_link_endpoint_network_policies = (known after apply)
      + enforce_private_link_service_network_policies  = (known after apply)
      + id                                             = (known after apply)
      + name                                           = "snetlb-uksouth-vnet-hub-01"
      + private_endpoint_network_policies              = (known after apply)
      + private_endpoint_network_policies_enabled      = (known after apply)
      + private_link_service_network_policies_enabled  = (known after apply)
      + resource_group_name                            = "rg-uksouth-chaos-demo-01"
      + virtual_network_name                           = "vnet-uksouth-hub-01"
    }

  # azurerm_subnet_network_security_group_association.uks-hub will be created
  + resource "azurerm_subnet_network_security_group_association" "uks-hub" {
      + id                        = (known after apply)
      + network_security_group_id = (known after apply)
      + subnet_id                 = (known after apply)
    }

  # azurerm_subnet_route_table_association.uks will be created
  + resource "azurerm_subnet_route_table_association" "uks" {
      + id             = (known after apply)
      + route_table_id = (known after apply)
      + subnet_id      = (known after apply)
    }

  # azurerm_traffic_manager_azure_endpoint.uks-tme1 will be created
  + resource "azurerm_traffic_manager_azure_endpoint" "uks-tme1" {
      + always_serve_enabled = false
      + enabled              = true
      + id                   = (known after apply)
      + name                 = "uksouth-endpoint"
      + priority             = (known after apply)
      + profile_id           = (known after apply)
      + target_resource_id   = (known after apply)
      + weight               = 100
    }

  # azurerm_traffic_manager_profile.tm1 will be created
  + resource "azurerm_traffic_manager_profile" "tm1" {
      + fqdn                   = (known after apply)
      + id                     = (known after apply)
      + name                   = "tm-chaos-demo"
      + profile_status         = (known after apply)
      + resource_group_name    = "rg-uksouth-chaos-demo-01"
      + tags                   = {
          + "Environment" = "ChaosStudioDemo"
          + "Owner"       = "dacat"
        }
      + traffic_routing_method = "Weighted"

      + dns_config {
          + relative_name = "chaos-demo-c80375b6"
          + ttl           = 100
        }

      + monitor_config {
          + interval_in_seconds          = 30
          + path                         = "/"
          + port                         = 80
          + protocol                     = "HTTP"
          + timeout_in_seconds           = 10
          + tolerated_number_of_failures = 3
        }
    }

  # azurerm_virtual_network.uks-hub1 will be created
  + resource "azurerm_virtual_network" "uks-hub1" {
      + address_space       = [
          + "10.150.0.0/21",
        ]
      + dns_servers         = (known after apply)
      + guid                = (known after apply)
      + id                  = (known after apply)
      + location            = "uksouth"
      + name                = "vnet-uksouth-hub-01"
      + resource_group_name = "rg-uksouth-chaos-demo-01"
      + subnet              = (known after apply)
      + tags                = {
          + "Environment" = "ChaosStudioDemo"
          + "Owner"       = "dacat"
        }
    }

  # azurerm_windows_virtual_machine.uks-vmsa[0] will be created
  + resource "azurerm_windows_virtual_machine" "uks-vmsa" {
      + admin_password                                         = (sensitive value)
      + admin_username                                         = "azureadmin"
      + allow_extension_operations                             = true
      + availability_set_id                                    = (known after apply)
      + bypass_platform_safety_checks_on_user_schedule_enabled = false
      + computer_name                                          = (known after apply)
      + disk_controller_type                                   = (known after apply)
      + enable_automatic_updates                               = true
      + extensions_time_budget                                 = "PT1H30M"
      + hotpatching_enabled                                    = false
      + id                                                     = (known after apply)
      + location                                               = "uksouth"
      + max_bid_price                                          = -1
      + name                                                   = "vm-uks-a-0"
      + network_interface_ids                                  = (known after apply)
      + patch_assessment_mode                                  = "ImageDefault"
      + patch_mode                                             = "AutomaticByOS"
      + platform_fault_domain                                  = -1
      + priority                                               = "Regular"
      + private_ip_address                                     = (known after apply)
      + private_ip_addresses                                   = (known after apply)
      + provision_vm_agent                                     = true
      + public_ip_address                                      = (known after apply)
      + public_ip_addresses                                    = (known after apply)
      + resource_group_name                                    = "rg-uksouth-chaos-demo-01"
      + size                                                   = "Standard_D2s_v4"
      + tags                                                   = {
          + "Environment" = "ChaosStudioDemo"
          + "Owner"       = "dacat"
        }
      + virtual_machine_id                                     = (known after apply)
      + vm_agent_platform_updates_enabled                      = false

      + boot_diagnostics {
          + storage_account_uri = (known after apply)
        }

      + os_disk {
          + caching                   = "ReadWrite"
          + disk_size_gb              = (known after apply)
          + name                      = (known after apply)
          + storage_account_type      = "StandardSSD_LRS"
          + write_accelerator_enabled = false
        }

      + source_image_reference {
          + offer     = "WindowsServer"
          + publisher = "MicrosoftWindowsServer"
          + sku       = "2022-Datacenter"
          + version   = "latest"
        }
    }

  # azurerm_windows_virtual_machine.uks-vmsb[0] will be created
  + resource "azurerm_windows_virtual_machine" "uks-vmsb" {
      + admin_password                                         = (sensitive value)
      + admin_username                                         = "azureadmin"
      + allow_extension_operations                             = true
      + availability_set_id                                    = (known after apply)
      + bypass_platform_safety_checks_on_user_schedule_enabled = false
      + computer_name                                          = (known after apply)
      + disk_controller_type                                   = (known after apply)
      + enable_automatic_updates                               = true
      + extensions_time_budget                                 = "PT1H30M"
      + hotpatching_enabled                                    = false
      + id                                                     = (known after apply)
      + location                                               = "uksouth"
      + max_bid_price                                          = -1
      + name                                                   = "vm-uks-b-0"
      + network_interface_ids                                  = (known after apply)
      + patch_assessment_mode                                  = "ImageDefault"
      + patch_mode                                             = "AutomaticByOS"
      + platform_fault_domain                                  = -1
      + priority                                               = "Regular"
      + private_ip_address                                     = (known after apply)
      + private_ip_addresses                                   = (known after apply)
      + provision_vm_agent                                     = true
      + public_ip_address                                      = (known after apply)
      + public_ip_addresses                                    = (known after apply)
      + resource_group_name                                    = "rg-uksouth-chaos-demo-01"
      + size                                                   = "Standard_D2s_v4"
      + tags                                                   = {
          + "Environment" = "ChaosStudioDemo"
          + "Owner"       = "dacat"
        }
      + virtual_machine_id                                     = (known after apply)
      + vm_agent_platform_updates_enabled                      = false

      + boot_diagnostics {
          + storage_account_uri = (known after apply)
        }

      + os_disk {
          + caching                   = "ReadWrite"
          + disk_size_gb              = (known after apply)
          + name                      = (known after apply)
          + storage_account_type      = "StandardSSD_LRS"
          + write_accelerator_enabled = false
        }

      + source_image_reference {
          + offer     = "WindowsServer"
          + publisher = "MicrosoftWindowsServer"
          + sku       = "2022-Datacenter"
          + version   = "latest"
        }
    }

  # azurerm_windows_virtual_machine_scale_set.uks-vmssa[0] will be created
  + resource "azurerm_windows_virtual_machine_scale_set" "uks-vmssa" {
      + admin_password                                    = (sensitive value)
      + admin_username                                    = "azureadmin"
      + computer_name_prefix                              = (known after apply)
      + do_not_run_extensions_on_overprovisioned_machines = false
      + enable_automatic_updates                          = true
      + extension_operations_enabled                      = (known after apply)
      + extensions_time_budget                            = "PT1H30M"
      + id                                                = (known after apply)
      + instances                                         = 5
      + location                                          = "uksouth"
      + max_bid_price                                     = -1
      + name                                              = "uks-0"
      + overprovision                                     = true
      + platform_fault_domain_count                       = (known after apply)
      + priority                                          = "Regular"
      + provision_vm_agent                                = true
      + resource_group_name                               = "rg-uksouth-chaos-demo-01"
      + scale_in_policy                                   = (known after apply)
      + single_placement_group                            = true
      + sku                                               = "Standard_D2s_v4"
      + tags                                              = {
          + "Environment" = "ChaosStudioDemo"
          + "Owner"       = "dacat"
        }
      + unique_id                                         = (known after apply)
      + upgrade_mode                                      = "Manual"
      + zone_balance                                      = false

      + boot_diagnostics {
          + storage_account_uri = (known after apply)
        }

      + network_interface {
          + enable_accelerated_networking = false
          + enable_ip_forwarding          = false
          + name                          = (known after apply)
          + primary                       = true

          + ip_configuration {
              + name      = "internal"
              + primary   = true
              + subnet_id = (known after apply)
              + version   = "IPv4"
            }
        }

      + os_disk {
          + caching                   = "ReadWrite"
          + disk_size_gb              = (known after apply)
          + storage_account_type      = "StandardSSD_LRS"
          + write_accelerator_enabled = false
        }

      + source_image_reference {
          + offer     = "WindowsServer"
          + publisher = "MicrosoftWindowsServer"
          + sku       = "2022-Datacenter"
          + version   = "latest"
        }
    }

  # azurerm_windows_virtual_machine_scale_set.uks-vmssa[1] will be created
  + resource "azurerm_windows_virtual_machine_scale_set" "uks-vmssa" {
      + admin_password                                    = (sensitive value)
      + admin_username                                    = "azureadmin"
      + computer_name_prefix                              = (known after apply)
      + do_not_run_extensions_on_overprovisioned_machines = false
      + enable_automatic_updates                          = true
      + extension_operations_enabled                      = (known after apply)
      + extensions_time_budget                            = "PT1H30M"
      + id                                                = (known after apply)
      + instances                                         = 5
      + location                                          = "uksouth"
      + max_bid_price                                     = -1
      + name                                              = "uks-1"
      + overprovision                                     = true
      + platform_fault_domain_count                       = (known after apply)
      + priority                                          = "Regular"
      + provision_vm_agent                                = true
      + resource_group_name                               = "rg-uksouth-chaos-demo-01"
      + scale_in_policy                                   = (known after apply)
      + single_placement_group                            = true
      + sku                                               = "Standard_D2s_v4"
      + tags                                              = {
          + "Environment" = "ChaosStudioDemo"
          + "Owner"       = "dacat"
        }
      + unique_id                                         = (known after apply)
      + upgrade_mode                                      = "Manual"
      + zone_balance                                      = false

      + boot_diagnostics {
          + storage_account_uri = (known after apply)
        }

      + network_interface {
          + enable_accelerated_networking = false
          + enable_ip_forwarding          = false
          + name                          = (known after apply)
          + primary                       = true

          + ip_configuration {
              + name      = "internal"
              + primary   = true
              + subnet_id = (known after apply)
              + version   = "IPv4"
            }
        }

      + os_disk {
          + caching                   = "ReadWrite"
          + disk_size_gb              = (known after apply)
          + storage_account_type      = "StandardSSD_LRS"
          + write_accelerator_enabled = false
        }

      + source_image_reference {
          + offer     = "WindowsServer"
          + publisher = "MicrosoftWindowsServer"
          + sku       = "2022-Datacenter"
          + version   = "latest"
        }
    }

  # random_string.random will be created
  + resource "random_string" "random" {
      + id          = (known after apply)
      + length      = 3
      + lower       = true
      + min_lower   = 0
      + min_numeric = 0
      + min_special = 0
      + min_upper   = 0
      + number      = true
      + numeric     = true
      + result      = (known after apply)
      + special     = false
      + upper       = true
    }

Plan: 41 to add, 0 to change, 0 to destroy.

Changes to Outputs:
  ~ _1_Access-URL-via-TrafficManager = "Use this URL to access via Traffic Manager: http://chaos-demo-c80375b6.trafficmanager.net " -> (known after apply)
  ~ _2_Access-URL-via-uks-Firewall   = "Use this URL to access directly to the uksouth Firewall: http://pip-uks-c80375b6.uksouth.cloudapp.azure.com " -> (known after apply)
  - _3_Access-URL-via-ukw-Firewall   = "Use this URL to access directly to the ukwest Firewall: http://pip-ukw-c80375b6.ukwest.cloudapp.azure.com " -> null

─────────────────────────────────────────────────────────────────────────────

Note: You didn't use the -out option to save this plan, so Terraform can't
guarantee to take exactly these actions if you run "terraform apply" now.
